// !$*UTF8*$!
{
	archiveVersion = 1;
	classes = {
	};
	objectVersion = 56;
	objects = {

/* Begin PBXBuildFile section */
		0B2B2BFB2976D72B00EB11BC /* ProfileDetailView.swift in Sources */ = {isa = PBXBuildFile; fileRef = 0B2B2BFA2976D72B00EB11BC /* ProfileDetailView.swift */; };
		0BF5E35E2977AD5600F3673C /* ProfileSettingView.swift in Sources */ = {isa = PBXBuildFile; fileRef = 0BF5E35D2977AD5600F3673C /* ProfileSettingView.swift */; };
		22DECDE62976F78C008A4405 /* FollowingView.swift in Sources */ = {isa = PBXBuildFile; fileRef = 22DECDE52976F78C008A4405 /* FollowingView.swift */; };
		22DECDEA2976FEB5008A4405 /* FeedView.swift in Sources */ = {isa = PBXBuildFile; fileRef = 22DECDE92976FEB5008A4405 /* FeedView.swift */; };
		34BC356929777253000DCBC7 /* MyKnockBoxView.swift in Sources */ = {isa = PBXBuildFile; fileRef = 34BC356829777253000DCBC7 /* MyKnockBoxView.swift */; };
		34BC356D29778C43000DCBC7 /* MyKnockSettingView.swift in Sources */ = {isa = PBXBuildFile; fileRef = 34BC356C29778C43000DCBC7 /* MyKnockSettingView.swift */; };
		34BC356F29779201000DCBC7 /* MyKnockCell.swift in Sources */ = {isa = PBXBuildFile; fileRef = 34BC356E29779201000DCBC7 /* MyKnockCell.swift */; };
		6840F02729777F79008CF2D5 /* SelectTagsView.swift in Sources */ = {isa = PBXBuildFile; fileRef = 6840F02629777F79008CF2D5 /* SelectTagsView.swift */; };
		68E95FC72976D48C002E65AD /* StarredView.swift in Sources */ = {isa = PBXBuildFile; fileRef = 68E95FC62976D48C002E65AD /* StarredView.swift */; };
		6E199B07297A161000F88569 /* FirebaseAuth in Frameworks */ = {isa = PBXBuildFile; productRef = 6E199B06297A161000F88569 /* FirebaseAuth */; };
		6E199B09297A161000F88569 /* FirebaseFirestore in Frameworks */ = {isa = PBXBuildFile; productRef = 6E199B08297A161000F88569 /* FirebaseFirestore */; };
		6E199B0B297A161000F88569 /* FirebaseFirestoreSwift in Frameworks */ = {isa = PBXBuildFile; productRef = 6E199B0A297A161000F88569 /* FirebaseFirestoreSwift */; };
		6E199B0D297A168300F88569 /* GoogleService-Info.plist in Resources */ = {isa = PBXBuildFile; fileRef = 6E199B0C297A168300F88569 /* GoogleService-Info.plist */; };
		6E199B0F297A18B100F88569 /* CollectionGroupResearchModel.swift in Sources */ = {isa = PBXBuildFile; fileRef = 6E199B0E297A18B100F88569 /* CollectionGroupResearchModel.swift */; };
		6E199B11297A18EF00F88569 /* CollectionGroupResearchViewModel.swift in Sources */ = {isa = PBXBuildFile; fileRef = 6E199B10297A18EF00F88569 /* CollectionGroupResearchViewModel.swift */; };
		6E634A462977AC5800E36C71 /* DummyPenpalListView.swift in Sources */ = {isa = PBXBuildFile; fileRef = 6E634A452977AC5800E36C71 /* DummyPenpalListView.swift */; };
		6E8C05C52976D77E002C9F45 /* ChatDetailView.swift in Sources */ = {isa = PBXBuildFile; fileRef = 6E8C05C42976D77E002C9F45 /* ChatDetailView.swift */; };
		6E8C05C7297781BB002C9F45 /* PenpalInfoView.swift in Sources */ = {isa = PBXBuildFile; fileRef = 6E8C05C6297781BB002C9F45 /* PenpalInfoView.swift */; };
		7068B6A829769448005D6B7B /* GitSpaceApp.swift in Sources */ = {isa = PBXBuildFile; fileRef = 7068B6A729769448005D6B7B /* GitSpaceApp.swift */; };
		7068B6AA29769448005D6B7B /* ContentView.swift in Sources */ = {isa = PBXBuildFile; fileRef = 7068B6A929769448005D6B7B /* ContentView.swift */; };
		7068B6AC29769449005D6B7B /* Assets.xcassets in Resources */ = {isa = PBXBuildFile; fileRef = 7068B6AB29769449005D6B7B /* Assets.xcassets */; };
		7068B6AF29769449005D6B7B /* Preview Assets.xcassets in Resources */ = {isa = PBXBuildFile; fileRef = 7068B6AE29769449005D6B7B /* Preview Assets.xcassets */; };
		7068B6BD29769517005D6B7B /* MainHomeView.swift in Sources */ = {isa = PBXBuildFile; fileRef = 7068B6BC29769517005D6B7B /* MainHomeView.swift */; };
		7068B6C029769522005D6B7B /* MainPenpalView.swift in Sources */ = {isa = PBXBuildFile; fileRef = 7068B6BF29769522005D6B7B /* MainPenpalView.swift */; };
		7068B6C22976952B005D6B7B /* MainProfileView.swift in Sources */ = {isa = PBXBuildFile; fileRef = 7068B6C12976952B005D6B7B /* MainProfileView.swift */; };
		70F4BD0A297773C7005528A1 /* PenpalListView.swift in Sources */ = {isa = PBXBuildFile; fileRef = 70F4BD09297773C7005528A1 /* PenpalListView.swift */; };
		70F4BD0D29778E46005528A1 /* SendKnockModal.swift in Sources */ = {isa = PBXBuildFile; fileRef = 70F4BD0C29778E46005528A1 /* SendKnockModal.swift */; };
		70F4BD0F2977D37D005528A1 /* AddTagSheetView.swift in Sources */ = {isa = PBXBuildFile; fileRef = 70F4BD0E2977D37D005528A1 /* AddTagSheetView.swift */; };
		70F4BD112977D408005528A1 /* RepositoryDetailView.swift in Sources */ = {isa = PBXBuildFile; fileRef = 70F4BD102977D408005528A1 /* RepositoryDetailView.swift */; };
		EE0CC79B2976F2160096A873 /* ContributorListView.swift in Sources */ = {isa = PBXBuildFile; fileRef = EE0CC79A2976F2160096A873 /* ContributorListView.swift */; };
/* End PBXBuildFile section */

/* Begin PBXFileReference section */
		0B2B2BFA2976D72B00EB11BC /* ProfileDetailView.swift */ = {isa = PBXFileReference; lastKnownFileType = sourcecode.swift; path = ProfileDetailView.swift; sourceTree = "<group>"; };
		0BF5E35D2977AD5600F3673C /* ProfileSettingView.swift */ = {isa = PBXFileReference; lastKnownFileType = sourcecode.swift; path = ProfileSettingView.swift; sourceTree = "<group>"; };
		22DECDE52976F78C008A4405 /* FollowingView.swift */ = {isa = PBXFileReference; lastKnownFileType = sourcecode.swift; path = FollowingView.swift; sourceTree = "<group>"; };
		22DECDE92976FEB5008A4405 /* FeedView.swift */ = {isa = PBXFileReference; lastKnownFileType = sourcecode.swift; path = FeedView.swift; sourceTree = "<group>"; };
		34BC356829777253000DCBC7 /* MyKnockBoxView.swift */ = {isa = PBXFileReference; lastKnownFileType = sourcecode.swift; path = MyKnockBoxView.swift; sourceTree = "<group>"; };
		34BC356C29778C43000DCBC7 /* MyKnockSettingView.swift */ = {isa = PBXFileReference; lastKnownFileType = sourcecode.swift; path = MyKnockSettingView.swift; sourceTree = "<group>"; };
		34BC356E29779201000DCBC7 /* MyKnockCell.swift */ = {isa = PBXFileReference; lastKnownFileType = sourcecode.swift; path = MyKnockCell.swift; sourceTree = "<group>"; };
		6840F02629777F79008CF2D5 /* SelectTagsView.swift */ = {isa = PBXFileReference; lastKnownFileType = sourcecode.swift; path = SelectTagsView.swift; sourceTree = "<group>"; };
		68E95FC62976D48C002E65AD /* StarredView.swift */ = {isa = PBXFileReference; lastKnownFileType = sourcecode.swift; path = StarredView.swift; sourceTree = "<group>"; };
		6E199B0C297A168300F88569 /* GoogleService-Info.plist */ = {isa = PBXFileReference; fileEncoding = 4; lastKnownFileType = text.plist.xml; name = "GoogleService-Info.plist"; path = "Sources/GoogleService-Info.plist"; sourceTree = "<group>"; };
		6E199B0E297A18B100F88569 /* CollectionGroupResearchModel.swift */ = {isa = PBXFileReference; lastKnownFileType = sourcecode.swift; path = CollectionGroupResearchModel.swift; sourceTree = "<group>"; };
		6E199B10297A18EF00F88569 /* CollectionGroupResearchViewModel.swift */ = {isa = PBXFileReference; lastKnownFileType = sourcecode.swift; path = CollectionGroupResearchViewModel.swift; sourceTree = "<group>"; };
		6E634A452977AC5800E36C71 /* DummyPenpalListView.swift */ = {isa = PBXFileReference; lastKnownFileType = sourcecode.swift; path = DummyPenpalListView.swift; sourceTree = "<group>"; };
		6E8C05C42976D77E002C9F45 /* ChatDetailView.swift */ = {isa = PBXFileReference; lastKnownFileType = sourcecode.swift; path = ChatDetailView.swift; sourceTree = "<group>"; };
		6E8C05C6297781BB002C9F45 /* PenpalInfoView.swift */ = {isa = PBXFileReference; lastKnownFileType = sourcecode.swift; path = PenpalInfoView.swift; sourceTree = "<group>"; };
		7068B6A429769448005D6B7B /* GitSpace.app */ = {isa = PBXFileReference; explicitFileType = wrapper.application; includeInIndex = 0; path = GitSpace.app; sourceTree = BUILT_PRODUCTS_DIR; };
		7068B6A729769448005D6B7B /* GitSpaceApp.swift */ = {isa = PBXFileReference; lastKnownFileType = sourcecode.swift; path = GitSpaceApp.swift; sourceTree = "<group>"; };
		7068B6A929769448005D6B7B /* ContentView.swift */ = {isa = PBXFileReference; lastKnownFileType = sourcecode.swift; path = ContentView.swift; sourceTree = "<group>"; };
		7068B6AB29769449005D6B7B /* Assets.xcassets */ = {isa = PBXFileReference; lastKnownFileType = folder.assetcatalog; path = Assets.xcassets; sourceTree = "<group>"; };
		7068B6AE29769449005D6B7B /* Preview Assets.xcassets */ = {isa = PBXFileReference; lastKnownFileType = folder.assetcatalog; path = "Preview Assets.xcassets"; sourceTree = "<group>"; };
		7068B6BC29769517005D6B7B /* MainHomeView.swift */ = {isa = PBXFileReference; lastKnownFileType = sourcecode.swift; path = MainHomeView.swift; sourceTree = "<group>"; };
		7068B6BF29769522005D6B7B /* MainPenpalView.swift */ = {isa = PBXFileReference; lastKnownFileType = sourcecode.swift; path = MainPenpalView.swift; sourceTree = "<group>"; };
		7068B6C12976952B005D6B7B /* MainProfileView.swift */ = {isa = PBXFileReference; lastKnownFileType = sourcecode.swift; path = MainProfileView.swift; sourceTree = "<group>"; };
		70F4BD09297773C7005528A1 /* PenpalListView.swift */ = {isa = PBXFileReference; lastKnownFileType = sourcecode.swift; path = PenpalListView.swift; sourceTree = "<group>"; };
		70F4BD0C29778E46005528A1 /* SendKnockModal.swift */ = {isa = PBXFileReference; lastKnownFileType = sourcecode.swift; path = SendKnockModal.swift; sourceTree = "<group>"; };
		70F4BD0E2977D37D005528A1 /* AddTagSheetView.swift */ = {isa = PBXFileReference; fileEncoding = 4; lastKnownFileType = sourcecode.swift; path = AddTagSheetView.swift; sourceTree = "<group>"; };
		70F4BD102977D408005528A1 /* RepositoryDetailView.swift */ = {isa = PBXFileReference; fileEncoding = 4; lastKnownFileType = sourcecode.swift; path = RepositoryDetailView.swift; sourceTree = "<group>"; };
		EE0CC79A2976F2160096A873 /* ContributorListView.swift */ = {isa = PBXFileReference; lastKnownFileType = sourcecode.swift; path = ContributorListView.swift; sourceTree = "<group>"; };
/* End PBXFileReference section */

/* Begin PBXFrameworksBuildPhase section */
		7068B6A129769448005D6B7B /* Frameworks */ = {
			isa = PBXFrameworksBuildPhase;
			buildActionMask = 2147483647;
			files = (
				6E199B07297A161000F88569 /* FirebaseAuth in Frameworks */,
				6E199B09297A161000F88569 /* FirebaseFirestore in Frameworks */,
				6E199B0B297A161000F88569 /* FirebaseFirestoreSwift in Frameworks */,
			);
			runOnlyForDeploymentPostprocessing = 0;
		};
/* End PBXFrameworksBuildPhase section */

/* Begin PBXGroup section */
		34BC3567297770C5000DCBC7 /* MyKnockBox */ = {
			isa = PBXGroup;
			children = (
				34BC356829777253000DCBC7 /* MyKnockBoxView.swift */,
				34BC356E29779201000DCBC7 /* MyKnockCell.swift */,
				34BC356C29778C43000DCBC7 /* MyKnockSettingView.swift */,
			);
			path = MyKnockBox;
			sourceTree = "<group>";
		};
		7068B69B29769448005D6B7B = {
			isa = PBXGroup;
			children = (
				7068B6A629769448005D6B7B /* GitSpace */,
				7068B6A529769448005D6B7B /* Products */,
			);
			sourceTree = "<group>";
		};
		7068B6A529769448005D6B7B /* Products */ = {
			isa = PBXGroup;
			children = (
				7068B6A429769448005D6B7B /* GitSpace.app */,
			);
			name = Products;
			sourceTree = "<group>";
		};
		7068B6A629769448005D6B7B /* GitSpace */ = {
			isa = PBXGroup;
			children = (
				6E199B0C297A168300F88569 /* GoogleService-Info.plist */,
				7068B6A729769448005D6B7B /* GitSpaceApp.swift */,
				7068B6A929769448005D6B7B /* ContentView.swift */,
				7068B6B529769479005D6B7B /* Sources */,
				7068B6AB29769449005D6B7B /* Assets.xcassets */,
				7068B6AD29769449005D6B7B /* Preview Content */,
			);
			path = GitSpace;
			sourceTree = "<group>";
		};
		7068B6AD29769449005D6B7B /* Preview Content */ = {
			isa = PBXGroup;
			children = (
				7068B6AE29769449005D6B7B /* Preview Assets.xcassets */,
			);
			path = "Preview Content";
			sourceTree = "<group>";
		};
		7068B6B529769479005D6B7B /* Sources */ = {
			isa = PBXGroup;
			children = (
				7068B6B8297694C2005D6B7B /* Models */,
				7068B6B7297694BE005D6B7B /* ViewModel */,
				7068B6B6297694BA005D6B7B /* Views */,
			);
			path = Sources;
			sourceTree = "<group>";
		};
		7068B6B6297694BA005D6B7B /* Views */ = {
			isa = PBXGroup;
			children = (
				70F4BD0B29778E38005528A1 /* Components */,
				7068B6BB2976950F005D6B7B /* Home */,
				7068B6BA2976950B005D6B7B /* Penpal */,
				7068B6B929769505005D6B7B /* Profile */,
			);
			path = Views;
			sourceTree = "<group>";
		};
		7068B6B7297694BE005D6B7B /* ViewModel */ = {
			isa = PBXGroup;
			children = (
				6E199B10297A18EF00F88569 /* CollectionGroupResearchViewModel.swift */,
			);
			path = ViewModel;
			sourceTree = "<group>";
		};
		7068B6B8297694C2005D6B7B /* Models */ = {
			isa = PBXGroup;
			children = (
				6E199B0E297A18B100F88569 /* CollectionGroupResearchModel.swift */,
			);
			path = Models;
			sourceTree = "<group>";
		};
		7068B6B929769505005D6B7B /* Profile */ = {
			isa = PBXGroup;
			children = (
				7068B6C12976952B005D6B7B /* MainProfileView.swift */,
				0B2B2BFA2976D72B00EB11BC /* ProfileDetailView.swift */,
				0BF5E35D2977AD5600F3673C /* ProfileSettingView.swift */,
			);
			path = Profile;
			sourceTree = "<group>";
		};
		7068B6BA2976950B005D6B7B /* Penpal */ = {
			isa = PBXGroup;
			children = (
				34BC3567297770C5000DCBC7 /* MyKnockBox */,
				7068B6BF29769522005D6B7B /* MainPenpalView.swift */,
				6E634A452977AC5800E36C71 /* DummyPenpalListView.swift */,
				6E8C05C42976D77E002C9F45 /* ChatDetailView.swift */,
				6E8C05C6297781BB002C9F45 /* PenpalInfoView.swift */,
				70F4BD0829776F8B005528A1 /* PenpalList */,
			);
			path = Penpal;
			sourceTree = "<group>";
		};
		7068B6BB2976950F005D6B7B /* Home */ = {
			isa = PBXGroup;
			children = (
				7068B6BC29769517005D6B7B /* MainHomeView.swift */,
				70F4BD0E2977D37D005528A1 /* AddTagSheetView.swift */,
				EE0CC79A2976F2160096A873 /* ContributorListView.swift */,
				22DECDE52976F78C008A4405 /* FollowingView.swift */,
				22DECDE92976FEB5008A4405 /* FeedView.swift */,
				70F4BD102977D408005528A1 /* RepositoryDetailView.swift */,
				68E95FC62976D48C002E65AD /* StarredView.swift */,
				6840F02629777F79008CF2D5 /* SelectTagsView.swift */,
			);
			path = Home;
			sourceTree = "<group>";
		};
		70F4BD0829776F8B005528A1 /* PenpalList */ = {
			isa = PBXGroup;
			children = (
				70F4BD09297773C7005528A1 /* PenpalListView.swift */,
			);
			path = PenpalList;
			sourceTree = "<group>";
		};
		70F4BD0B29778E38005528A1 /* Components */ = {
			isa = PBXGroup;
			children = (
				70F4BD0C29778E46005528A1 /* SendKnockModal.swift */,
			);
			path = Components;
			sourceTree = "<group>";
		};
/* End PBXGroup section */

/* Begin PBXNativeTarget section */
		7068B6A329769448005D6B7B /* GitSpace */ = {
			isa = PBXNativeTarget;
			buildConfigurationList = 7068B6B229769449005D6B7B /* Build configuration list for PBXNativeTarget "GitSpace" */;
			buildPhases = (
				7068B6A029769448005D6B7B /* Sources */,
				7068B6A129769448005D6B7B /* Frameworks */,
				7068B6A229769448005D6B7B /* Resources */,
			);
			buildRules = (
			);
			dependencies = (
			);
			name = GitSpace;
			packageProductDependencies = (
				6E199B06297A161000F88569 /* FirebaseAuth */,
				6E199B08297A161000F88569 /* FirebaseFirestore */,
				6E199B0A297A161000F88569 /* FirebaseFirestoreSwift */,
			);
			productName = GitSpace;
			productReference = 7068B6A429769448005D6B7B /* GitSpace.app */;
			productType = "com.apple.product-type.application";
		};
/* End PBXNativeTarget section */

/* Begin PBXProject section */
		7068B69C29769448005D6B7B /* Project object */ = {
			isa = PBXProject;
			attributes = {
				BuildIndependentTargetsInParallel = 1;
				LastSwiftUpdateCheck = 1410;
				LastUpgradeCheck = 1410;
				TargetAttributes = {
					7068B6A329769448005D6B7B = {
						CreatedOnToolsVersion = 14.1;
					};
				};
			};
			buildConfigurationList = 7068B69F29769448005D6B7B /* Build configuration list for PBXProject "GitSpace" */;
			compatibilityVersion = "Xcode 14.0";
			developmentRegion = en;
			hasScannedForEncodings = 0;
			knownRegions = (
				en,
				Base,
			);
			mainGroup = 7068B69B29769448005D6B7B;
			packageReferences = (
				6E199B05297A161000F88569 /* XCRemoteSwiftPackageReference "firebase-ios-sdk" */,
			);
			productRefGroup = 7068B6A529769448005D6B7B /* Products */;
			projectDirPath = "";
			projectRoot = "";
			targets = (
				7068B6A329769448005D6B7B /* GitSpace */,
			);
		};
/* End PBXProject section */

/* Begin PBXResourcesBuildPhase section */
		7068B6A229769448005D6B7B /* Resources */ = {
			isa = PBXResourcesBuildPhase;
			buildActionMask = 2147483647;
			files = (
				7068B6AF29769449005D6B7B /* Preview Assets.xcassets in Resources */,
				7068B6AC29769449005D6B7B /* Assets.xcassets in Resources */,
				6E199B0D297A168300F88569 /* GoogleService-Info.plist in Resources */,
			);
			runOnlyForDeploymentPostprocessing = 0;
		};
/* End PBXResourcesBuildPhase section */

/* Begin PBXSourcesBuildPhase section */
		7068B6A029769448005D6B7B /* Sources */ = {
			isa = PBXSourcesBuildPhase;
			buildActionMask = 2147483647;
			files = (
				22DECDEA2976FEB5008A4405 /* FeedView.swift in Sources */,
				22DECDE62976F78C008A4405 /* FollowingView.swift in Sources */,
				34BC356F29779201000DCBC7 /* MyKnockCell.swift in Sources */,
				6E199B11297A18EF00F88569 /* CollectionGroupResearchViewModel.swift in Sources */,
				7068B6AA29769448005D6B7B /* ContentView.swift in Sources */,
				0B2B2BFB2976D72B00EB11BC /* ProfileDetailView.swift in Sources */,
				0BF5E35E2977AD5600F3673C /* ProfileSettingView.swift in Sources */,
				70F4BD0D29778E46005528A1 /* SendKnockModal.swift in Sources */,
				70F4BD112977D408005528A1 /* RepositoryDetailView.swift in Sources */,
				6840F02729777F79008CF2D5 /* SelectTagsView.swift in Sources */,
				7068B6BD29769517005D6B7B /* MainHomeView.swift in Sources */,
				34BC356D29778C43000DCBC7 /* MyKnockSettingView.swift in Sources */,
				68E95FC72976D48C002E65AD /* StarredView.swift in Sources */,
				7068B6A829769448005D6B7B /* GitSpaceApp.swift in Sources */,
				6E8C05C7297781BB002C9F45 /* PenpalInfoView.swift in Sources */,
				6E8C05C52976D77E002C9F45 /* ChatDetailView.swift in Sources */,
				7068B6C029769522005D6B7B /* MainPenpalView.swift in Sources */,
				70F4BD0A297773C7005528A1 /* PenpalListView.swift in Sources */,
				EE0CC79B2976F2160096A873 /* ContributorListView.swift in Sources */,
				7068B6C22976952B005D6B7B /* MainProfileView.swift in Sources */,
				6E634A462977AC5800E36C71 /* DummyPenpalListView.swift in Sources */,
				34BC356929777253000DCBC7 /* MyKnockBoxView.swift in Sources */,
				70F4BD0F2977D37D005528A1 /* AddTagSheetView.swift in Sources */,
				6E199B0F297A18B100F88569 /* CollectionGroupResearchModel.swift in Sources */,
			);
			runOnlyForDeploymentPostprocessing = 0;
		};
/* End PBXSourcesBuildPhase section */

/* Begin XCBuildConfiguration section */
		7068B6B029769449005D6B7B /* Debug */ = {
			isa = XCBuildConfiguration;
			buildSettings = {
				ALWAYS_SEARCH_USER_PATHS = NO;
				CLANG_ANALYZER_NONNULL = YES;
				CLANG_ANALYZER_NUMBER_OBJECT_CONVERSION = YES_AGGRESSIVE;
				CLANG_CXX_LANGUAGE_STANDARD = "gnu++20";
				CLANG_ENABLE_MODULES = YES;
				CLANG_ENABLE_OBJC_ARC = YES;
				CLANG_ENABLE_OBJC_WEAK = YES;
				CLANG_WARN_BLOCK_CAPTURE_AUTORELEASING = YES;
				CLANG_WARN_BOOL_CONVERSION = YES;
				CLANG_WARN_COMMA = YES;
				CLANG_WARN_CONSTANT_CONVERSION = YES;
				CLANG_WARN_DEPRECATED_OBJC_IMPLEMENTATIONS = YES;
				CLANG_WARN_DIRECT_OBJC_ISA_USAGE = YES_ERROR;
				CLANG_WARN_DOCUMENTATION_COMMENTS = YES;
				CLANG_WARN_EMPTY_BODY = YES;
				CLANG_WARN_ENUM_CONVERSION = YES;
				CLANG_WARN_INFINITE_RECURSION = YES;
				CLANG_WARN_INT_CONVERSION = YES;
				CLANG_WARN_NON_LITERAL_NULL_CONVERSION = YES;
				CLANG_WARN_OBJC_IMPLICIT_RETAIN_SELF = YES;
				CLANG_WARN_OBJC_LITERAL_CONVERSION = YES;
				CLANG_WARN_OBJC_ROOT_CLASS = YES_ERROR;
				CLANG_WARN_QUOTED_INCLUDE_IN_FRAMEWORK_HEADER = YES;
				CLANG_WARN_RANGE_LOOP_ANALYSIS = YES;
				CLANG_WARN_STRICT_PROTOTYPES = YES;
				CLANG_WARN_SUSPICIOUS_MOVE = YES;
				CLANG_WARN_UNGUARDED_AVAILABILITY = YES_AGGRESSIVE;
				CLANG_WARN_UNREACHABLE_CODE = YES;
				CLANG_WARN__DUPLICATE_METHOD_MATCH = YES;
				COPY_PHASE_STRIP = NO;
				DEBUG_INFORMATION_FORMAT = dwarf;
				ENABLE_STRICT_OBJC_MSGSEND = YES;
				ENABLE_TESTABILITY = YES;
				GCC_C_LANGUAGE_STANDARD = gnu11;
				GCC_DYNAMIC_NO_PIC = NO;
				GCC_NO_COMMON_BLOCKS = YES;
				GCC_OPTIMIZATION_LEVEL = 0;
				GCC_PREPROCESSOR_DEFINITIONS = (
					"DEBUG=1",
					"$(inherited)",
				);
				GCC_WARN_64_TO_32_BIT_CONVERSION = YES;
				GCC_WARN_ABOUT_RETURN_TYPE = YES_ERROR;
				GCC_WARN_UNDECLARED_SELECTOR = YES;
				GCC_WARN_UNINITIALIZED_AUTOS = YES_AGGRESSIVE;
				GCC_WARN_UNUSED_FUNCTION = YES;
				GCC_WARN_UNUSED_VARIABLE = YES;
				IPHONEOS_DEPLOYMENT_TARGET = 15.0;
				MTL_ENABLE_DEBUG_INFO = INCLUDE_SOURCE;
				MTL_FAST_MATH = YES;
				ONLY_ACTIVE_ARCH = YES;
				SDKROOT = iphoneos;
				SWIFT_ACTIVE_COMPILATION_CONDITIONS = DEBUG;
				SWIFT_OPTIMIZATION_LEVEL = "-Onone";
			};
			name = Debug;
		};
		7068B6B129769449005D6B7B /* Release */ = {
			isa = XCBuildConfiguration;
			buildSettings = {
				ALWAYS_SEARCH_USER_PATHS = NO;
				CLANG_ANALYZER_NONNULL = YES;
				CLANG_ANALYZER_NUMBER_OBJECT_CONVERSION = YES_AGGRESSIVE;
				CLANG_CXX_LANGUAGE_STANDARD = "gnu++20";
				CLANG_ENABLE_MODULES = YES;
				CLANG_ENABLE_OBJC_ARC = YES;
				CLANG_ENABLE_OBJC_WEAK = YES;
				CLANG_WARN_BLOCK_CAPTURE_AUTORELEASING = YES;
				CLANG_WARN_BOOL_CONVERSION = YES;
				CLANG_WARN_COMMA = YES;
				CLANG_WARN_CONSTANT_CONVERSION = YES;
				CLANG_WARN_DEPRECATED_OBJC_IMPLEMENTATIONS = YES;
				CLANG_WARN_DIRECT_OBJC_ISA_USAGE = YES_ERROR;
				CLANG_WARN_DOCUMENTATION_COMMENTS = YES;
				CLANG_WARN_EMPTY_BODY = YES;
				CLANG_WARN_ENUM_CONVERSION = YES;
				CLANG_WARN_INFINITE_RECURSION = YES;
				CLANG_WARN_INT_CONVERSION = YES;
				CLANG_WARN_NON_LITERAL_NULL_CONVERSION = YES;
				CLANG_WARN_OBJC_IMPLICIT_RETAIN_SELF = YES;
				CLANG_WARN_OBJC_LITERAL_CONVERSION = YES;
				CLANG_WARN_OBJC_ROOT_CLASS = YES_ERROR;
				CLANG_WARN_QUOTED_INCLUDE_IN_FRAMEWORK_HEADER = YES;
				CLANG_WARN_RANGE_LOOP_ANALYSIS = YES;
				CLANG_WARN_STRICT_PROTOTYPES = YES;
				CLANG_WARN_SUSPICIOUS_MOVE = YES;
				CLANG_WARN_UNGUARDED_AVAILABILITY = YES_AGGRESSIVE;
				CLANG_WARN_UNREACHABLE_CODE = YES;
				CLANG_WARN__DUPLICATE_METHOD_MATCH = YES;
				COPY_PHASE_STRIP = NO;
				DEBUG_INFORMATION_FORMAT = "dwarf-with-dsym";
				ENABLE_NS_ASSERTIONS = NO;
				ENABLE_STRICT_OBJC_MSGSEND = YES;
				GCC_C_LANGUAGE_STANDARD = gnu11;
				GCC_NO_COMMON_BLOCKS = YES;
				GCC_WARN_64_TO_32_BIT_CONVERSION = YES;
				GCC_WARN_ABOUT_RETURN_TYPE = YES_ERROR;
				GCC_WARN_UNDECLARED_SELECTOR = YES;
				GCC_WARN_UNINITIALIZED_AUTOS = YES_AGGRESSIVE;
				GCC_WARN_UNUSED_FUNCTION = YES;
				GCC_WARN_UNUSED_VARIABLE = YES;
				IPHONEOS_DEPLOYMENT_TARGET = 15.0;
				MTL_ENABLE_DEBUG_INFO = NO;
				MTL_FAST_MATH = YES;
				SDKROOT = iphoneos;
				SWIFT_COMPILATION_MODE = wholemodule;
				SWIFT_OPTIMIZATION_LEVEL = "-O";
				VALIDATE_PRODUCT = YES;
			};
			name = Release;
		};
		7068B6B329769449005D6B7B /* Debug */ = {
			isa = XCBuildConfiguration;
			buildSettings = {
				ASSETCATALOG_COMPILER_APPICON_NAME = AppIcon;
				ASSETCATALOG_COMPILER_GLOBAL_ACCENT_COLOR_NAME = AccentColor;
				CODE_SIGN_STYLE = Automatic;
				CURRENT_PROJECT_VERSION = 1;
				DEVELOPMENT_ASSET_PATHS = "\"GitSpace/Preview Content\"";
				DEVELOPMENT_TEAM = 67M6ZS7KS6;
				ENABLE_PREVIEWS = YES;
				GENERATE_INFOPLIST_FILE = YES;
				INFOPLIST_KEY_UIApplicationSceneManifest_Generation = YES;
				INFOPLIST_KEY_UIApplicationSupportsIndirectInputEvents = YES;
				INFOPLIST_KEY_UILaunchScreen_Generation = YES;
				INFOPLIST_KEY_UISupportedInterfaceOrientations_iPad = "UIInterfaceOrientationPortrait UIInterfaceOrientationPortraitUpsideDown UIInterfaceOrientationLandscapeLeft UIInterfaceOrientationLandscapeRight";
				INFOPLIST_KEY_UISupportedInterfaceOrientations_iPhone = "UIInterfaceOrientationPortrait UIInterfaceOrientationLandscapeLeft UIInterfaceOrientationLandscapeRight";
				IPHONEOS_DEPLOYMENT_TARGET = 15.0;
				LD_RUNPATH_SEARCH_PATHS = (
					"$(inherited)",
					"@executable_path/Frameworks",
				);
				MARKETING_VERSION = 1.0;
				PRODUCT_BUNDLE_IDENTIFIER = com.valselee.GitSpace;
				PRODUCT_NAME = "$(TARGET_NAME)";
				SWIFT_EMIT_LOC_STRINGS = YES;
				SWIFT_VERSION = 5.0;
				TARGETED_DEVICE_FAMILY = "1,2";
			};
			name = Debug;
		};
		7068B6B429769449005D6B7B /* Release */ = {
			isa = XCBuildConfiguration;
			buildSettings = {
				ASSETCATALOG_COMPILER_APPICON_NAME = AppIcon;
				ASSETCATALOG_COMPILER_GLOBAL_ACCENT_COLOR_NAME = AccentColor;
				CODE_SIGN_STYLE = Automatic;
				CURRENT_PROJECT_VERSION = 1;
				DEVELOPMENT_ASSET_PATHS = "\"GitSpace/Preview Content\"";
				DEVELOPMENT_TEAM = 67M6ZS7KS6;
				ENABLE_PREVIEWS = YES;
				GENERATE_INFOPLIST_FILE = YES;
				INFOPLIST_KEY_UIApplicationSceneManifest_Generation = YES;
				INFOPLIST_KEY_UIApplicationSupportsIndirectInputEvents = YES;
				INFOPLIST_KEY_UILaunchScreen_Generation = YES;
				INFOPLIST_KEY_UISupportedInterfaceOrientations_iPad = "UIInterfaceOrientationPortrait UIInterfaceOrientationPortraitUpsideDown UIInterfaceOrientationLandscapeLeft UIInterfaceOrientationLandscapeRight";
				INFOPLIST_KEY_UISupportedInterfaceOrientations_iPhone = "UIInterfaceOrientationPortrait UIInterfaceOrientationLandscapeLeft UIInterfaceOrientationLandscapeRight";
				IPHONEOS_DEPLOYMENT_TARGET = 15.0;
				LD_RUNPATH_SEARCH_PATHS = (
					"$(inherited)",
					"@executable_path/Frameworks",
				);
				MARKETING_VERSION = 1.0;
				PRODUCT_BUNDLE_IDENTIFIER = com.valselee.GitSpace;
				PRODUCT_NAME = "$(TARGET_NAME)";
				SWIFT_EMIT_LOC_STRINGS = YES;
				SWIFT_VERSION = 5.0;
				TARGETED_DEVICE_FAMILY = "1,2";
			};
			name = Release;
		};
/* End XCBuildConfiguration section */

/* Begin XCConfigurationList section */
		7068B69F29769448005D6B7B /* Build configuration list for PBXProject "GitSpace" */ = {
			isa = XCConfigurationList;
			buildConfigurations = (
				7068B6B029769449005D6B7B /* Debug */,
				7068B6B129769449005D6B7B /* Release */,
			);
			defaultConfigurationIsVisible = 0;
			defaultConfigurationName = Release;
		};
		7068B6B229769449005D6B7B /* Build configuration list for PBXNativeTarget "GitSpace" */ = {
			isa = XCConfigurationList;
			buildConfigurations = (
				7068B6B329769449005D6B7B /* Debug */,
				7068B6B429769449005D6B7B /* Release */,
			);
			defaultConfigurationIsVisible = 0;
			defaultConfigurationName = Release;
		};
/* End XCConfigurationList section */

/* Begin XCRemoteSwiftPackageReference section */
		6E199B05297A161000F88569 /* XCRemoteSwiftPackageReference "firebase-ios-sdk" */ = {
			isa = XCRemoteSwiftPackageReference;
			repositoryURL = "https://github.com/firebase/firebase-ios-sdk";
			requirement = {
				branch = master;
				kind = branch;
			};
		};
/* End XCRemoteSwiftPackageReference section */

/* Begin XCSwiftPackageProductDependency section */
		6E199B06297A161000F88569 /* FirebaseAuth */ = {
			isa = XCSwiftPackageProductDependency;
			package = 6E199B05297A161000F88569 /* XCRemoteSwiftPackageReference "firebase-ios-sdk" */;
			productName = FirebaseAuth;
		};
		6E199B08297A161000F88569 /* FirebaseFirestore */ = {
			isa = XCSwiftPackageProductDependency;
			package = 6E199B05297A161000F88569 /* XCRemoteSwiftPackageReference "firebase-ios-sdk" */;
			productName = FirebaseFirestore;
		};
		6E199B0A297A161000F88569 /* FirebaseFirestoreSwift */ = {
			isa = XCSwiftPackageProductDependency;
			package = 6E199B05297A161000F88569 /* XCRemoteSwiftPackageReference "firebase-ios-sdk" */;
			productName = FirebaseFirestoreSwift;
		};
/* End XCSwiftPackageProductDependency section */
	};
	rootObject = 7068B69C29769448005D6B7B /* Project object */;
}
