// !$*UTF8*$!
{
	archiveVersion = 1;
	classes = {
	};
	objectVersion = 56;
	objects = {

/* Begin PBXBuildFile section */
		0B2B2BFB2976D72B00EB11BC /* profileDetailView.swift in Sources */ = {isa = PBXBuildFile; fileRef = 0B2B2BFA2976D72B00EB11BC /* profileDetailView.swift */; };
		7068B6A829769448005D6B7B /* GitSpaceApp.swift in Sources */ = {isa = PBXBuildFile; fileRef = 7068B6A729769448005D6B7B /* GitSpaceApp.swift */; };
		7068B6AA29769448005D6B7B /* ContentView.swift in Sources */ = {isa = PBXBuildFile; fileRef = 7068B6A929769448005D6B7B /* ContentView.swift */; };
		7068B6AC29769449005D6B7B /* Assets.xcassets in Resources */ = {isa = PBXBuildFile; fileRef = 7068B6AB29769449005D6B7B /* Assets.xcassets */; };
		7068B6AF29769449005D6B7B /* Preview Assets.xcassets in Resources */ = {isa = PBXBuildFile; fileRef = 7068B6AE29769449005D6B7B /* Preview Assets.xcassets */; };
		7068B6BD29769517005D6B7B /* MainHomeView.swift in Sources */ = {isa = PBXBuildFile; fileRef = 7068B6BC29769517005D6B7B /* MainHomeView.swift */; };
		7068B6C029769522005D6B7B /* MainPenpalView.swift in Sources */ = {isa = PBXBuildFile; fileRef = 7068B6BF29769522005D6B7B /* MainPenpalView.swift */; };
		7068B6C22976952B005D6B7B /* MainProfileView.swift in Sources */ = {isa = PBXBuildFile; fileRef = 7068B6C12976952B005D6B7B /* MainProfileView.swift */; };
/* End PBXBuildFile section */

/* Begin PBXFileReference section */
		0B2B2BFA2976D72B00EB11BC /* profileDetailView.swift */ = {isa = PBXFileReference; lastKnownFileType = sourcecode.swift; path = profileDetailView.swift; sourceTree = "<group>"; };
		7068B6A429769448005D6B7B /* GitSpace.app */ = {isa = PBXFileReference; explicitFileType = wrapper.application; includeInIndex = 0; path = GitSpace.app; sourceTree = BUILT_PRODUCTS_DIR; };
		7068B6A729769448005D6B7B /* GitSpaceApp.swift */ = {isa = PBXFileReference; lastKnownFileType = sourcecode.swift; path = GitSpaceApp.swift; sourceTree = "<group>"; };
		7068B6A929769448005D6B7B /* ContentView.swift */ = {isa = PBXFileReference; lastKnownFileType = sourcecode.swift; path = ContentView.swift; sourceTree = "<group>"; };
		7068B6AB29769449005D6B7B /* Assets.xcassets */ = {isa = PBXFileReference; lastKnownFileType = folder.assetcatalog; path = Assets.xcassets; sourceTree = "<group>"; };
		7068B6AE29769449005D6B7B /* Preview Assets.xcassets */ = {isa = PBXFileReference; lastKnownFileType = folder.assetcatalog; path = "Preview Assets.xcassets"; sourceTree = "<group>"; };
		7068B6BC29769517005D6B7B /* MainHomeView.swift */ = {isa = PBXFileReference; lastKnownFileType = sourcecode.swift; path = MainHomeView.swift; sourceTree = "<group>"; };
		7068B6BF29769522005D6B7B /* MainPenpalView.swift */ = {isa = PBXFileReference; lastKnownFileType = sourcecode.swift; path = MainPenpalView.swift; sourceTree = "<group>"; };
		7068B6C12976952B005D6B7B /* MainProfileView.swift */ = {isa = PBXFileReference; lastKnownFileType = sourcecode.swift; path = MainProfileView.swift; sourceTree = "<group>"; };
/* End PBXFileReference section */

/* Begin PBXFrameworksBuildPhase section */
		7068B6A129769448005D6B7B /* Frameworks */ = {
			isa = PBXFrameworksBuildPhase;
			buildActionMask = 2147483647;
			files = (
			);
			runOnlyForDeploymentPostprocessing = 0;
		};
/* End PBXFrameworksBuildPhase section */

/* Begin PBXGroup section */
		7068B69B29769448005D6B7B = {
			isa = PBXGroup;
			children = (
				7068B6A629769448005D6B7B /* GitSpace */,
				7068B6A529769448005D6B7B /* Products */,
			);
			sourceTree = "<group>";
		};
		7068B6A529769448005D6B7B /* Products */ = {
			isa = PBXGroup;
			children = (
				7068B6A429769448005D6B7B /* GitSpace.app */,
			);
			name = Products;
			sourceTree = "<group>";
		};
		7068B6A629769448005D6B7B /* GitSpace */ = {
			isa = PBXGroup;
			children = (
				7068B6A729769448005D6B7B /* GitSpaceApp.swift */,
				7068B6A929769448005D6B7B /* ContentView.swift */,
				7068B6B529769479005D6B7B /* Sources */,
				7068B6AB29769449005D6B7B /* Assets.xcassets */,
				7068B6AD29769449005D6B7B /* Preview Content */,
			);
			path = GitSpace;
			sourceTree = "<group>";
		};
		7068B6AD29769449005D6B7B /* Preview Content */ = {
			isa = PBXGroup;
			children = (
				7068B6AE29769449005D6B7B /* Preview Assets.xcassets */,
			);
			path = "Preview Content";
			sourceTree = "<group>";
		};
		7068B6B529769479005D6B7B /* Sources */ = {
			isa = PBXGroup;
			children = (
				7068B6B8297694C2005D6B7B /* Models */,
				7068B6B7297694BE005D6B7B /* ViewModel */,
				7068B6B6297694BA005D6B7B /* Views */,
			);
			path = Sources;
			sourceTree = "<group>";
		};
		7068B6B6297694BA005D6B7B /* Views */ = {
			isa = PBXGroup;
			children = (
				7068B6BB2976950F005D6B7B /* Home */,
				7068B6BA2976950B005D6B7B /* Penpal */,
				7068B6B929769505005D6B7B /* Profile */,
			);
			path = Views;
			sourceTree = "<group>";
		};
		7068B6B7297694BE005D6B7B /* ViewModel */ = {
			isa = PBXGroup;
			children = (
			);
			path = ViewModel;
			sourceTree = "<group>";
		};
		7068B6B8297694C2005D6B7B /* Models */ = {
			isa = PBXGroup;
			children = (
			);
			path = Models;
			sourceTree = "<group>";
		};
		7068B6B929769505005D6B7B /* Profile */ = {
			isa = PBXGroup;
			children = (
				7068B6C12976952B005D6B7B /* MainProfileView.swift */,
				0B2B2BFA2976D72B00EB11BC /* profileDetailView.swift */,
			);
			path = Profile;
			sourceTree = "<group>";
		};
		7068B6BA2976950B005D6B7B /* Penpal */ = {
			isa = PBXGroup;
			children = (
				7068B6BF29769522005D6B7B /* MainPenpalView.swift */,
			);
			path = Penpal;
			sourceTree = "<group>";
		};
		7068B6BB2976950F005D6B7B /* Home */ = {
			isa = PBXGroup;
			children = (
				7068B6BC29769517005D6B7B /* MainHomeView.swift */,
			);
			path = Home;
			sourceTree = "<group>";
		};
/* End PBXGroup section */

/* Begin PBXNativeTarget section */
		7068B6A329769448005D6B7B /* GitSpace */ = {
			isa = PBXNativeTarget;
			buildConfigurationList = 7068B6B229769449005D6B7B /* Build configuration list for PBXNativeTarget "GitSpace" */;
			buildPhases = (
				7068B6A029769448005D6B7B /* Sources */,
				7068B6A129769448005D6B7B /* Frameworks */,
				7068B6A229769448005D6B7B /* Resources */,
			);
			buildRules = (
			);
			dependencies = (
			);
			name = GitSpace;
			productName = GitSpace;
			productReference = 7068B6A429769448005D6B7B /* GitSpace.app */;
			productType = "com.apple.product-type.application";
		};
/* End PBXNativeTarget section */

/* Begin PBXProject section */
		7068B69C29769448005D6B7B /* Project object */ = {
			isa = PBXProject;
			attributes = {
				BuildIndependentTargetsInParallel = 1;
				LastSwiftUpdateCheck = 1410;
				LastUpgradeCheck = 1410;
				TargetAttributes = {
					7068B6A329769448005D6B7B = {
						CreatedOnToolsVersion = 14.1;
					};
				};
			};
			buildConfigurationList = 7068B69F29769448005D6B7B /* Build configuration list for PBXProject "GitSpace" */;
			compatibilityVersion = "Xcode 14.0";
			developmentRegion = en;
			hasScannedForEncodings = 0;
			knownRegions = (
				en,
				Base,
			);
			mainGroup = 7068B69B29769448005D6B7B;
			productRefGroup = 7068B6A529769448005D6B7B /* Products */;
			projectDirPath = "";
			projectRoot = "";
			targets = (
				7068B6A329769448005D6B7B /* GitSpace */,
			);
		};
/* End PBXProject section */

/* Begin PBXResourcesBuildPhase section */
		7068B6A229769448005D6B7B /* Resources */ = {
			isa = PBXResourcesBuildPhase;
			buildActionMask = 2147483647;
			files = (
				7068B6AF29769449005D6B7B /* Preview Assets.xcassets in Resources */,
				7068B6AC29769449005D6B7B /* Assets.xcassets in Resources */,
			);
			runOnlyForDeploymentPostprocessing = 0;
		};
/* End PBXResourcesBuildPhase section */

/* Begin PBXSourcesBuildPhase section */
		7068B6A029769448005D6B7B /* Sources */ = {
			isa = PBXSourcesBuildPhase;
			buildActionMask = 2147483647;
			files = (
				7068B6AA29769448005D6B7B /* ContentView.swift in Sources */,
				0B2B2BFB2976D72B00EB11BC /* profileDetailView.swift in Sources */,
				7068B6BD29769517005D6B7B /* MainHomeView.swift in Sources */,
				7068B6A829769448005D6B7B /* GitSpaceApp.swift in Sources */,
				7068B6C029769522005D6B7B /* MainPenpalView.swift in Sources */,
				7068B6C22976952B005D6B7B /* MainProfileView.swift in Sources */,
			);
			runOnlyForDeploymentPostprocessing = 0;
		};
/* End PBXSourcesBuildPhase section */

/* Begin XCBuildConfiguration section */
		7068B6B029769449005D6B7B /* Debug */ = {
			isa = XCBuildConfiguration;
			buildSettings = {
				ALWAYS_SEARCH_USER_PATHS = NO;
				CLANG_ANALYZER_NONNULL = YES;
				CLANG_ANALYZER_NUMBER_OBJECT_CONVERSION = YES_AGGRESSIVE;
				CLANG_CXX_LANGUAGE_STANDARD = "gnu++20";
				CLANG_ENABLE_MODULES = YES;
				CLANG_ENABLE_OBJC_ARC = YES;
				CLANG_ENABLE_OBJC_WEAK = YES;
				CLANG_WARN_BLOCK_CAPTURE_AUTORELEASING = YES;
				CLANG_WARN_BOOL_CONVERSION = YES;
				CLANG_WARN_COMMA = YES;
				CLANG_WARN_CONSTANT_CONVERSION = YES;
				CLANG_WARN_DEPRECATED_OBJC_IMPLEMENTATIONS = YES;
				CLANG_WARN_DIRECT_OBJC_ISA_USAGE = YES_ERROR;
				CLANG_WARN_DOCUMENTATION_COMMENTS = YES;
				CLANG_WARN_EMPTY_BODY = YES;
				CLANG_WARN_ENUM_CONVERSION = YES;
				CLANG_WARN_INFINITE_RECURSION = YES;
				CLANG_WARN_INT_CONVERSION = YES;
				CLANG_WARN_NON_LITERAL_NULL_CONVERSION = YES;
				CLANG_WARN_OBJC_IMPLICIT_RETAIN_SELF = YES;
				CLANG_WARN_OBJC_LITERAL_CONVERSION = YES;
				CLANG_WARN_OBJC_ROOT_CLASS = YES_ERROR;
				CLANG_WARN_QUOTED_INCLUDE_IN_FRAMEWORK_HEADER = YES;
				CLANG_WARN_RANGE_LOOP_ANALYSIS = YES;
				CLANG_WARN_STRICT_PROTOTYPES = YES;
				CLANG_WARN_SUSPICIOUS_MOVE = YES;
				CLANG_WARN_UNGUARDED_AVAILABILITY = YES_AGGRESSIVE;
				CLANG_WARN_UNREACHABLE_CODE = YES;
				CLANG_WARN__DUPLICATE_METHOD_MATCH = YES;
				COPY_PHASE_STRIP = NO;
				DEBUG_INFORMATION_FORMAT = dwarf;
				ENABLE_STRICT_OBJC_MSGSEND = YES;
				ENABLE_TESTABILITY = YES;
				GCC_C_LANGUAGE_STANDARD = gnu11;
				GCC_DYNAMIC_NO_PIC = NO;
				GCC_NO_COMMON_BLOCKS = YES;
				GCC_OPTIMIZATION_LEVEL = 0;
				GCC_PREPROCESSOR_DEFINITIONS = (
					"DEBUG=1",
					"$(inherited)",
				);
				GCC_WARN_64_TO_32_BIT_CONVERSION = YES;
				GCC_WARN_ABOUT_RETURN_TYPE = YES_ERROR;
				GCC_WARN_UNDECLARED_SELECTOR = YES;
				GCC_WARN_UNINITIALIZED_AUTOS = YES_AGGRESSIVE;
				GCC_WARN_UNUSED_FUNCTION = YES;
				GCC_WARN_UNUSED_VARIABLE = YES;
				IPHONEOS_DEPLOYMENT_TARGET = 15.0;
				MTL_ENABLE_DEBUG_INFO = INCLUDE_SOURCE;
				MTL_FAST_MATH = YES;
				ONLY_ACTIVE_ARCH = YES;
				SDKROOT = iphoneos;
				SWIFT_ACTIVE_COMPILATION_CONDITIONS = DEBUG;
				SWIFT_OPTIMIZATION_LEVEL = "-Onone";
			};
			name = Debug;
		};
		7068B6B129769449005D6B7B /* Release */ = {
			isa = XCBuildConfiguration;
			buildSettings = {
				ALWAYS_SEARCH_USER_PATHS = NO;
				CLANG_ANALYZER_NONNULL = YES;
				CLANG_ANALYZER_NUMBER_OBJECT_CONVERSION = YES_AGGRESSIVE;
				CLANG_CXX_LANGUAGE_STANDARD = "gnu++20";
				CLANG_ENABLE_MODULES = YES;
				CLANG_ENABLE_OBJC_ARC = YES;
				CLANG_ENABLE_OBJC_WEAK = YES;
				CLANG_WARN_BLOCK_CAPTURE_AUTORELEASING = YES;
				CLANG_WARN_BOOL_CONVERSION = YES;
				CLANG_WARN_COMMA = YES;
				CLANG_WARN_CONSTANT_CONVERSION = YES;
				CLANG_WARN_DEPRECATED_OBJC_IMPLEMENTATIONS = YES;
				CLANG_WARN_DIRECT_OBJC_ISA_USAGE = YES_ERROR;
				CLANG_WARN_DOCUMENTATION_COMMENTS = YES;
				CLANG_WARN_EMPTY_BODY = YES;
				CLANG_WARN_ENUM_CONVERSION = YES;
				CLANG_WARN_INFINITE_RECURSION = YES;
				CLANG_WARN_INT_CONVERSION = YES;
				CLANG_WARN_NON_LITERAL_NULL_CONVERSION = YES;
				CLANG_WARN_OBJC_IMPLICIT_RETAIN_SELF = YES;
				CLANG_WARN_OBJC_LITERAL_CONVERSION = YES;
				CLANG_WARN_OBJC_ROOT_CLASS = YES_ERROR;
				CLANG_WARN_QUOTED_INCLUDE_IN_FRAMEWORK_HEADER = YES;
				CLANG_WARN_RANGE_LOOP_ANALYSIS = YES;
				CLANG_WARN_STRICT_PROTOTYPES = YES;
				CLANG_WARN_SUSPICIOUS_MOVE = YES;
				CLANG_WARN_UNGUARDED_AVAILABILITY = YES_AGGRESSIVE;
				CLANG_WARN_UNREACHABLE_CODE = YES;
				CLANG_WARN__DUPLICATE_METHOD_MATCH = YES;
				COPY_PHASE_STRIP = NO;
				DEBUG_INFORMATION_FORMAT = "dwarf-with-dsym";
				ENABLE_NS_ASSERTIONS = NO;
				ENABLE_STRICT_OBJC_MSGSEND = YES;
				GCC_C_LANGUAGE_STANDARD = gnu11;
				GCC_NO_COMMON_BLOCKS = YES;
				GCC_WARN_64_TO_32_BIT_CONVERSION = YES;
				GCC_WARN_ABOUT_RETURN_TYPE = YES_ERROR;
				GCC_WARN_UNDECLARED_SELECTOR = YES;
				GCC_WARN_UNINITIALIZED_AUTOS = YES_AGGRESSIVE;
				GCC_WARN_UNUSED_FUNCTION = YES;
				GCC_WARN_UNUSED_VARIABLE = YES;
				IPHONEOS_DEPLOYMENT_TARGET = 15.0;
				MTL_ENABLE_DEBUG_INFO = NO;
				MTL_FAST_MATH = YES;
				SDKROOT = iphoneos;
				SWIFT_COMPILATION_MODE = wholemodule;
				SWIFT_OPTIMIZATION_LEVEL = "-O";
				VALIDATE_PRODUCT = YES;
			};
			name = Release;
		};
		7068B6B329769449005D6B7B /* Debug */ = {
			isa = XCBuildConfiguration;
			buildSettings = {
				ASSETCATALOG_COMPILER_APPICON_NAME = AppIcon;
				ASSETCATALOG_COMPILER_GLOBAL_ACCENT_COLOR_NAME = AccentColor;
				CODE_SIGN_STYLE = Automatic;
				CURRENT_PROJECT_VERSION = 1;
				DEVELOPMENT_ASSET_PATHS = "\"GitSpace/Preview Content\"";
				DEVELOPMENT_TEAM = 67M6ZS7KS6;
				ENABLE_PREVIEWS = YES;
				GENERATE_INFOPLIST_FILE = YES;
				INFOPLIST_KEY_UIApplicationSceneManifest_Generation = YES;
				INFOPLIST_KEY_UIApplicationSupportsIndirectInputEvents = YES;
				INFOPLIST_KEY_UILaunchScreen_Generation = YES;
				INFOPLIST_KEY_UISupportedInterfaceOrientations_iPad = "UIInterfaceOrientationPortrait UIInterfaceOrientationPortraitUpsideDown UIInterfaceOrientationLandscapeLeft UIInterfaceOrientationLandscapeRight";
				INFOPLIST_KEY_UISupportedInterfaceOrientations_iPhone = "UIInterfaceOrientationPortrait UIInterfaceOrientationLandscapeLeft UIInterfaceOrientationLandscapeRight";
				IPHONEOS_DEPLOYMENT_TARGET = 15.0;
				LD_RUNPATH_SEARCH_PATHS = (
					"$(inherited)",
					"@executable_path/Frameworks",
				);
				MARKETING_VERSION = 1.0;
				PRODUCT_BUNDLE_IDENTIFIER = com.valselee.GitSpace;
				PRODUCT_NAME = "$(TARGET_NAME)";
				SWIFT_EMIT_LOC_STRINGS = YES;
				SWIFT_VERSION = 5.0;
				TARGETED_DEVICE_FAMILY = "1,2";
			};
			name = Debug;
		};
		7068B6B429769449005D6B7B /* Release */ = {
			isa = XCBuildConfiguration;
			buildSettings = {
				ASSETCATALOG_COMPILER_APPICON_NAME = AppIcon;
				ASSETCATALOG_COMPILER_GLOBAL_ACCENT_COLOR_NAME = AccentColor;
				CODE_SIGN_STYLE = Automatic;
				CURRENT_PROJECT_VERSION = 1;
				DEVELOPMENT_ASSET_PATHS = "\"GitSpace/Preview Content\"";
				DEVELOPMENT_TEAM = 67M6ZS7KS6;
				ENABLE_PREVIEWS = YES;
				GENERATE_INFOPLIST_FILE = YES;
				INFOPLIST_KEY_UIApplicationSceneManifest_Generation = YES;
				INFOPLIST_KEY_UIApplicationSupportsIndirectInputEvents = YES;
				INFOPLIST_KEY_UILaunchScreen_Generation = YES;
				INFOPLIST_KEY_UISupportedInterfaceOrientations_iPad = "UIInterfaceOrientationPortrait UIInterfaceOrientationPortraitUpsideDown UIInterfaceOrientationLandscapeLeft UIInterfaceOrientationLandscapeRight";
				INFOPLIST_KEY_UISupportedInterfaceOrientations_iPhone = "UIInterfaceOrientationPortrait UIInterfaceOrientationLandscapeLeft UIInterfaceOrientationLandscapeRight";
				IPHONEOS_DEPLOYMENT_TARGET = 15.0;
				LD_RUNPATH_SEARCH_PATHS = (
					"$(inherited)",
					"@executable_path/Frameworks",
				);
				MARKETING_VERSION = 1.0;
				PRODUCT_BUNDLE_IDENTIFIER = com.valselee.GitSpace;
				PRODUCT_NAME = "$(TARGET_NAME)";
				SWIFT_EMIT_LOC_STRINGS = YES;
				SWIFT_VERSION = 5.0;
				TARGETED_DEVICE_FAMILY = "1,2";
			};
			name = Release;
		};
/* End XCBuildConfiguration section */

/* Begin XCConfigurationList section */
		7068B69F29769448005D6B7B /* Build configuration list for PBXProject "GitSpace" */ = {
			isa = XCConfigurationList;
			buildConfigurations = (
				7068B6B029769449005D6B7B /* Debug */,
				7068B6B129769449005D6B7B /* Release */,
			);
			defaultConfigurationIsVisible = 0;
			defaultConfigurationName = Release;
		};
		7068B6B229769449005D6B7B /* Build configuration list for PBXNativeTarget "GitSpace" */ = {
			isa = XCConfigurationList;
			buildConfigurations = (
				7068B6B329769449005D6B7B /* Debug */,
				7068B6B429769449005D6B7B /* Release */,
			);
			defaultConfigurationIsVisible = 0;
			defaultConfigurationName = Release;
		};
/* End XCConfigurationList section */
	};
	rootObject = 7068B69C29769448005D6B7B /* Project object */;
}
