// !$*UTF8*$!
{
	archiveVersion = 1;
	classes = {
	};
	objectVersion = 56;
	objects = {

/* Begin PBXBuildFile section */
		0B2B2BFB2976D72B00EB11BC /* ProfileDetailView.swift in Sources */ = {isa = PBXBuildFile; fileRef = 0B2B2BFA2976D72B00EB11BC /* ProfileDetailView.swift */; };
		0B87BA52298CCD9E006B80D3 /* GSText.swift in Sources */ = {isa = PBXBuildFile; fileRef = 0B87BA51298CCD9E006B80D3 /* GSText.swift */; };
		0B93BBD5299C72770006B8A7 /* HomeCardSkeletonCell.swift in Sources */ = {isa = PBXBuildFile; fileRef = 0B93BBD4299C72770006B8A7 /* HomeCardSkeletonCell.swift */; };
		0B9585932990BD1A00655427 /* BlinkingSkeletonModifier.swift in Sources */ = {isa = PBXBuildFile; fileRef = 0B9585922990BD1A00655427 /* BlinkingSkeletonModifier.swift */; };
		22016E882999FB9B00452428 /* MarkdownUI in Frameworks */ = {isa = PBXBuildFile; productRef = 22016E872999FB9B00452428 /* MarkdownUI */; };
		22016E8D299B11B000452428 /* UserProfileView.swift in Sources */ = {isa = PBXBuildFile; fileRef = 22016E8C299B11B000452428 /* UserProfileView.swift */; };
		2204BD4F299B1BD200AA4725 /* ContributorProfile.swift in Sources */ = {isa = PBXBuildFile; fileRef = 2204BD4E299B1BD200AA4725 /* ContributorProfile.swift */; };
		2204BD51299B288F00AA4725 /* ContributorViewModel.swift in Sources */ = {isa = PBXBuildFile; fileRef = 2204BD50299B288F00AA4725 /* ContributorViewModel.swift */; };
		2205F23D299C9F1400B2643D /* Event.swift in Sources */ = {isa = PBXBuildFile; fileRef = 2205F23C299C9F1400B2643D /* Event.swift */; };
		2205F243299D1B0B00B2643D /* EventViewModel.swift in Sources */ = {isa = PBXBuildFile; fileRef = 2205F242299D1B0B00B2643D /* EventViewModel.swift */; };
		2205F245299D2B2B00B2643D /* Date+.swift in Sources */ = {isa = PBXBuildFile; fileRef = 2205F244299D2B2B00B2643D /* Date+.swift */; };
		225A22CF299778A900786B35 /* HTTPRequestMethod.swift in Sources */ = {isa = PBXBuildFile; fileRef = 225A22C4299778A900786B35 /* HTTPRequestMethod.swift */; };
		225A22D0299778A900786B35 /* GitHubAPIError.swift in Sources */ = {isa = PBXBuildFile; fileRef = 225A22C5299778A900786B35 /* GitHubAPIError.swift */; };
		225A22D1299778A900786B35 /* HTTPClient.swift in Sources */ = {isa = PBXBuildFile; fileRef = 225A22C6299778A900786B35 /* HTTPClient.swift */; };
		225A22D2299778A900786B35 /* Endpoint.swift in Sources */ = {isa = PBXBuildFile; fileRef = 225A22C7299778A900786B35 /* Endpoint.swift */; };
		225A22D3299778A900786B35 /* GitHubUser.swift in Sources */ = {isa = PBXBuildFile; fileRef = 225A22C9299778A900786B35 /* GitHubUser.swift */; };
		225A22D4299778A900786B35 /* UserResponse.swift in Sources */ = {isa = PBXBuildFile; fileRef = 225A22CA299778A900786B35 /* UserResponse.swift */; };
		225A22D5299778A900786B35 /* RepositoryResponse.swift in Sources */ = {isa = PBXBuildFile; fileRef = 225A22CB299778A900786B35 /* RepositoryResponse.swift */; };
		225A22D6299778A900786B35 /* GitHubAPIEndpoint.swift in Sources */ = {isa = PBXBuildFile; fileRef = 225A22CC299778A900786B35 /* GitHubAPIEndpoint.swift */; };
		225A22D7299778A900786B35 /* GitHubService.swift in Sources */ = {isa = PBXBuildFile; fileRef = 225A22CE299778A900786B35 /* GitHubService.swift */; };
		22B1F2A6299231B60010FD15 /* NotificationView.swift in Sources */ = {isa = PBXBuildFile; fileRef = 22B1F2A5299231B60010FD15 /* NotificationView.swift */; };
		22B1F2A8299235460010FD15 /* SystemNotificationCell.swift in Sources */ = {isa = PBXBuildFile; fileRef = 22B1F2A7299235460010FD15 /* SystemNotificationCell.swift */; };
		22B1F2AA299235520010FD15 /* KnockNotificationCell.swift in Sources */ = {isa = PBXBuildFile; fileRef = 22B1F2A9299235520010FD15 /* KnockNotificationCell.swift */; };
		22C54129298CC36D00CC89EC /* GSTabBarBackGround.swift in Sources */ = {isa = PBXBuildFile; fileRef = 22C54128298CC36D00CC89EC /* GSTabBarBackGround.swift */; };
		22C5412B298CCAD200CC89EC /* TabBarBackgroundModifier.swift in Sources */ = {isa = PBXBuildFile; fileRef = 22C5412A298CCAD200CC89EC /* TabBarBackgroundModifier.swift */; };
		22C5412D298CD22500CC89EC /* View+cornerRadius.swift in Sources */ = {isa = PBXBuildFile; fileRef = 22C5412C298CD22500CC89EC /* View+cornerRadius.swift */; };
		22C5412F298CE35300CC89EC /* GSTabBarIcon.swift in Sources */ = {isa = PBXBuildFile; fileRef = 22C5412E298CE35300CC89EC /* GSTabBarIcon.swift */; };
		22C54132298CE38300CC89EC /* GSTabBarRouter.swift in Sources */ = {isa = PBXBuildFile; fileRef = 22C54131298CE38300CC89EC /* GSTabBarRouter.swift */; };
		22DECDE62976F78C008A4405 /* ActivityView.swift in Sources */ = {isa = PBXBuildFile; fileRef = 22DECDE52976F78C008A4405 /* ActivityView.swift */; };
		22DECDEA2976FEB5008A4405 /* ActivityFeedView.swift in Sources */ = {isa = PBXBuildFile; fileRef = 22DECDE92976FEB5008A4405 /* ActivityFeedView.swift */; };
		22E9ECF1299BA78400D5A9C6 /* UIScreen+.swift in Sources */ = {isa = PBXBuildFile; fileRef = 22E9ECF0299BA78400D5A9C6 /* UIScreen+.swift */; };
		22E9ECF3299BB92100D5A9C6 /* Owner.swift in Sources */ = {isa = PBXBuildFile; fileRef = 22E9ECF2299BB92100D5A9C6 /* Owner.swift */; };
		3427734E2992A78900818816 /* ActivityGuideView.swift in Sources */ = {isa = PBXBuildFile; fileRef = 3427734D2992A78900818816 /* ActivityGuideView.swift */; };
		342773552993E19700818816 /* SetAppearanceView.swift in Sources */ = {isa = PBXBuildFile; fileRef = 342773542993E19700818816 /* SetAppearanceView.swift */; };
		342773572993E1BE00818816 /* SetLicensesView.swift in Sources */ = {isa = PBXBuildFile; fileRef = 342773562993E1BE00818816 /* SetLicensesView.swift */; };
		3427735C2994244A00818816 /* Localizable.strings in Resources */ = {isa = PBXBuildFile; fileRef = 3427735E2994244A00818816 /* Localizable.strings */; };
		34277361299495C000818816 /* SetAccountView.swift in Sources */ = {isa = PBXBuildFile; fileRef = 34277360299495C000818816 /* SetAccountView.swift */; };
		34277363299495EC00818816 /* SetPrivacySafetyView.swift in Sources */ = {isa = PBXBuildFile; fileRef = 34277362299495EC00818816 /* SetPrivacySafetyView.swift */; };
		342773652994A98400818816 /* SetLanguageView.swift in Sources */ = {isa = PBXBuildFile; fileRef = 342773642994A98400818816 /* SetLanguageView.swift */; };
		342773672994AD1B00818816 /* SetTextMediaView.swift in Sources */ = {isa = PBXBuildFile; fileRef = 342773662994AD1B00818816 /* SetTextMediaView.swift */; };
		342773692994AD3100818816 /* SetNotificationsView.swift in Sources */ = {isa = PBXBuildFile; fileRef = 342773682994AD3100818816 /* SetNotificationsView.swift */; };
		3427736B2994BA1F00818816 /* SetWorkingHoursView.swift in Sources */ = {isa = PBXBuildFile; fileRef = 3427736A2994BA1F00818816 /* SetWorkingHoursView.swift */; };
		344DB651299B1C9B00433339 /* SetKnockControlsView.swift in Sources */ = {isa = PBXBuildFile; fileRef = 344DB650299B1C9B00433339 /* SetKnockControlsView.swift */; };
		34582163298A4A310058CA4C /* KeyboardHandler.swift in Sources */ = {isa = PBXBuildFile; fileRef = 34582162298A4A310058CA4C /* KeyboardHandler.swift */; };
		34582167298E0ABD0058CA4C /* KnockGuideView.swift in Sources */ = {isa = PBXBuildFile; fileRef = 34582166298E0ABD0058CA4C /* KnockGuideView.swift */; };
		346EF6AC29923F6B00878949 /* ChatGuideView.swift in Sources */ = {isa = PBXBuildFile; fileRef = 346EF6AB29923F6B00878949 /* ChatGuideView.swift */; };
		347146022990BC5200ED990C /* TopperProfileView.swift in Sources */ = {isa = PBXBuildFile; fileRef = 347146012990BC5200ED990C /* TopperProfileView.swift */; };
		347146052991F02500ED990C /* GuideCenterView.swift in Sources */ = {isa = PBXBuildFile; fileRef = 347146042991F02500ED990C /* GuideCenterView.swift */; };
		3471460729920F8500ED990C /* GuideFuncSection.swift in Sources */ = {isa = PBXBuildFile; fileRef = 3471460629920F8500ED990C /* GuideFuncSection.swift */; };
		3471460A2992112000ED990C /* StarGuideView.swift in Sources */ = {isa = PBXBuildFile; fileRef = 347146092992112000ED990C /* StarGuideView.swift */; };
		3471460D2992211300ED990C /* GuideReportSection.swift in Sources */ = {isa = PBXBuildFile; fileRef = 3471460C2992211300ED990C /* GuideReportSection.swift */; };
		3471460F2992217A00ED990C /* ReportGuideView.swift in Sources */ = {isa = PBXBuildFile; fileRef = 3471460E2992217A00ED990C /* ReportGuideView.swift */; };
		347146122992253600ED990C /* GuideBlockSection.swift in Sources */ = {isa = PBXBuildFile; fileRef = 347146112992253600ED990C /* GuideBlockSection.swift */; };
		347146142992254200ED990C /* BlockGuideView.swift in Sources */ = {isa = PBXBuildFile; fileRef = 347146132992254200ED990C /* BlockGuideView.swift */; };
		348540EF299D5DFE00B738F9 /* TagGuideView.swift in Sources */ = {isa = PBXBuildFile; fileRef = 348540EE299D5DFE00B738F9 /* TagGuideView.swift */; };
		348540F1299D5E7700B738F9 /* BlockListGuideView.swift in Sources */ = {isa = PBXBuildFile; fileRef = 348540F0299D5E7700B738F9 /* BlockListGuideView.swift */; };
		348540F3299D5E9E00B738F9 /* AfterBlockGuideView.swift in Sources */ = {isa = PBXBuildFile; fileRef = 348540F2299D5E9E00B738F9 /* AfterBlockGuideView.swift */; };
		348540F5299D5EF200B738F9 /* WhatToReportGuideView.swift in Sources */ = {isa = PBXBuildFile; fileRef = 348540F4299D5EF200B738F9 /* WhatToReportGuideView.swift */; };
		348540F7299D5F8600B738F9 /* AfterReportGuideView.swift in Sources */ = {isa = PBXBuildFile; fileRef = 348540F6299D5F8600B738F9 /* AfterReportGuideView.swift */; };
		34BC356929777253000DCBC7 /* MainKnockView.swift in Sources */ = {isa = PBXBuildFile; fileRef = 34BC356829777253000DCBC7 /* MainKnockView.swift */; };
		34BC35822988EABD000DCBC7 /* ReceivedKnockView.swift in Sources */ = {isa = PBXBuildFile; fileRef = 34BC35812988EABD000DCBC7 /* ReceivedKnockView.swift */; };
		680C199F29937CAD009AF5D5 /* SigninView.swift in Sources */ = {isa = PBXBuildFile; fileRef = 680C199E29937CAD009AF5D5 /* SigninView.swift */; };
		680C19A1299385A2009AF5D5 /* InitialView.swift in Sources */ = {isa = PBXBuildFile; fileRef = 680C19A0299385A2009AF5D5 /* InitialView.swift */; };
		686CD902299B4952000FD0B6 /* TagViewModel.swift in Sources */ = {isa = PBXBuildFile; fileRef = 686CD901299B4952000FD0B6 /* TagViewModel.swift */; };
		687AE54E298FA1E800113ABF /* RepositoryViewModel.swift in Sources */ = {isa = PBXBuildFile; fileRef = 687AE54D298FA1E800113ABF /* RepositoryViewModel.swift */; };
		687AE550298FA22500113ABF /* Repository.swift in Sources */ = {isa = PBXBuildFile; fileRef = 687AE54F298FA22500113ABF /* Repository.swift */; };
		687AE552298FA23700113ABF /* Tag.swift in Sources */ = {isa = PBXBuildFile; fileRef = 687AE551298FA23700113ABF /* Tag.swift */; };
		688772D22990BBF900B3A0CD /* SwiftUIFlowLayout in Frameworks */ = {isa = PBXBuildFile; productRef = 688772D12990BBF900B3A0CD /* SwiftUIFlowLayout */; };
		6896A4F2298EB8BC00CEAFB5 /* RepositoryCardView.swift in Sources */ = {isa = PBXBuildFile; fileRef = 6896A4F1298EB8BC00CEAFB5 /* RepositoryCardView.swift */; };
		68D76D4C298712EC00C1EA88 /* GitHubAuthManager.swift in Sources */ = {isa = PBXBuildFile; fileRef = 68D76D4B298712EC00C1EA88 /* GitHubAuthManager.swift */; };
		68D76D4F298713B900C1EA88 /* FirebaseAuth in Frameworks */ = {isa = PBXBuildFile; productRef = 68D76D4E298713B900C1EA88 /* FirebaseAuth */; };
		68D76D51298713B900C1EA88 /* FirebaseAuthCombine-Community in Frameworks */ = {isa = PBXBuildFile; productRef = 68D76D50298713B900C1EA88 /* FirebaseAuthCombine-Community */; };
		68D76D53298713B900C1EA88 /* FirebaseFirestore in Frameworks */ = {isa = PBXBuildFile; productRef = 68D76D52298713B900C1EA88 /* FirebaseFirestore */; };
		68D76D55298713B900C1EA88 /* FirebaseFirestoreCombine-Community in Frameworks */ = {isa = PBXBuildFile; productRef = 68D76D54298713B900C1EA88 /* FirebaseFirestoreCombine-Community */; };
		68D76D57298713B900C1EA88 /* (null) in Frameworks */ = {isa = PBXBuildFile; };
		68E95FC72976D48C002E65AD /* StarredView.swift in Sources */ = {isa = PBXBuildFile; fileRef = 68E95FC62976D48C002E65AD /* StarredView.swift */; };
		6E000CAF29899F6C00446C0D /* ChatModifiers.swift in Sources */ = {isa = PBXBuildFile; fileRef = 6E000CAE29899F6C00446C0D /* ChatModifiers.swift */; };
		6E000CB32989A2F700446C0D /* ChatRoomKnockSection.swift in Sources */ = {isa = PBXBuildFile; fileRef = 6E000CB22989A2F700446C0D /* ChatRoomKnockSection.swift */; };
		6E000CB7298A67E800446C0D /* ProfileAsyncImage.swift in Sources */ = {isa = PBXBuildFile; fileRef = 6E000CB6298A67E800446C0D /* ProfileAsyncImage.swift */; };
		6E0840152983902800F51169 /* Chat.swift in Sources */ = {isa = PBXBuildFile; fileRef = 6E0840142983902800F51169 /* Chat.swift */; };
		6E0840192983948300F51169 /* ChatViewModel.swift in Sources */ = {isa = PBXBuildFile; fileRef = 6E0840182983948300F51169 /* ChatViewModel.swift */; };
		6E08401B298394DF00F51169 /* MessageViewModel.swift in Sources */ = {isa = PBXBuildFile; fileRef = 6E08401A298394DF00F51169 /* MessageViewModel.swift */; };
		6E08401D2983961300F51169 /* MainChatView.swift in Sources */ = {isa = PBXBuildFile; fileRef = 6E08401C2983961300F51169 /* MainChatView.swift */; };
		6E08401F2983966200F51169 /* ChatRoomView.swift in Sources */ = {isa = PBXBuildFile; fileRef = 6E08401E2983966200F51169 /* ChatRoomView.swift */; };
		6E0840212983979B00F51169 /* MessageCell.swift in Sources */ = {isa = PBXBuildFile; fileRef = 6E0840202983979B00F51169 /* MessageCell.swift */; };
		6E08402329839BD200F51169 /* Utility.swift in Sources */ = {isa = PBXBuildFile; fileRef = 6E08402229839BD200F51169 /* Utility.swift */; };
		6E0840252983BAD700F51169 /* UserViewModel.swift in Sources */ = {isa = PBXBuildFile; fileRef = 6E0840242983BAD700F51169 /* UserViewModel.swift */; };
		6E0840272983BB9A00F51169 /* UserInfo.swift in Sources */ = {isa = PBXBuildFile; fileRef = 6E0840262983BB9A00F51169 /* UserInfo.swift */; };
		6E0F9591298CEE2D000FE529 /* GSTextFieldLayoutModifier.swift in Sources */ = {isa = PBXBuildFile; fileRef = 6E0F9590298CEE2D000FE529 /* GSTextFieldLayoutModifier.swift */; };
		6E0F9595298CF5F8000FE529 /* GSTextEditor.swift in Sources */ = {isa = PBXBuildFile; fileRef = 6E0F9594298CF5F8000FE529 /* GSTextEditor.swift */; };
		6E199B07297A161000F88569 /* FirebaseAuth in Frameworks */ = {isa = PBXBuildFile; productRef = 6E199B06297A161000F88569 /* FirebaseAuth */; };
		6E199B09297A161000F88569 /* FirebaseFirestore in Frameworks */ = {isa = PBXBuildFile; productRef = 6E199B08297A161000F88569 /* FirebaseFirestore */; };
		6E199B0B297A161000F88569 /* FirebaseFirestoreSwift in Frameworks */ = {isa = PBXBuildFile; productRef = 6E199B0A297A161000F88569 /* FirebaseFirestoreSwift */; };
		6E1D100A2994D21700D43AB9 /* AddChatView.swift in Sources */ = {isa = PBXBuildFile; fileRef = 6E1D10092994D21700D43AB9 /* AddChatView.swift */; };
		6E38C6042991EF380043A8BB /* ChatListCell.swift in Sources */ = {isa = PBXBuildFile; fileRef = 6E38C6032991EF380043A8BB /* ChatListCell.swift */; };
		6E38C6062991EF590043A8BB /* ChatListSkeletonCell.swift in Sources */ = {isa = PBXBuildFile; fileRef = 6E38C6052991EF590043A8BB /* ChatListSkeletonCell.swift */; };
		6E70333C29890AD000FFC018 /* ChatUserRecommendationSection.swift in Sources */ = {isa = PBXBuildFile; fileRef = 6E70333B29890AD000FFC018 /* ChatUserRecommendationSection.swift */; };
		6E70333E29890ADE00FFC018 /* ChatListSection.swift in Sources */ = {isa = PBXBuildFile; fileRef = 6E70333D29890ADE00FFC018 /* ChatListSection.swift */; };
		6E8C05C7297781BB002C9F45 /* ChatRoomInfoView.swift in Sources */ = {isa = PBXBuildFile; fileRef = 6E8C05C6297781BB002C9F45 /* ChatRoomInfoView.swift */; };
		6EC383A5298FE49000F209CF /* UIFont+.swift in Sources */ = {isa = PBXBuildFile; fileRef = 6EC383A4298FE49000F209CF /* UIFont+.swift */; };
		700A11D2299737F4008C94C7 /* AppDelegate+Firebase.swift in Sources */ = {isa = PBXBuildFile; fileRef = 700A11D1299737F4008C94C7 /* AppDelegate+Firebase.swift */; };
		700A11D6299771B5008C94C7 /* KnockViewManager.swift in Sources */ = {isa = PBXBuildFile; fileRef = 700A11D5299771B5008C94C7 /* KnockViewManager.swift */; };
		700A11D8299774A0008C94C7 /* Knock.swift in Sources */ = {isa = PBXBuildFile; fileRef = 700A11D7299774A0008C94C7 /* Knock.swift */; };
		7019EDBD2997EC7700135F26 /* PinnedViewHeaderModifier.swift in Sources */ = {isa = PBXBuildFile; fileRef = 7019EDBC2997EC7700135F26 /* PinnedViewHeaderModifier.swift */; };
		704D160F29992FF9009206BD /* String+.swift in Sources */ = {isa = PBXBuildFile; fileRef = 704D160E29992FF9009206BD /* String+.swift */; };
		70528FBE299C022800E29316 /* PushNotificationManager.swift in Sources */ = {isa = PBXBuildFile; fileRef = 70528FBD299C022800E29316 /* PushNotificationManager.swift */; };
		7062E12D298CC50A00CCE946 /* DesignSystemStyleEnums.swift in Sources */ = {isa = PBXBuildFile; fileRef = 7062E12C298CC50A00CCE946 /* DesignSystemStyleEnums.swift */; };
		7062E12F298CC82D00CCE946 /* ColorSchemeModifiers.swift in Sources */ = {isa = PBXBuildFile; fileRef = 7062E12E298CC82D00CCE946 /* ColorSchemeModifiers.swift */; };
		7062E131298CCB1700CCE946 /* LabelModifier.swift in Sources */ = {isa = PBXBuildFile; fileRef = 7062E130298CCB1700CCE946 /* LabelModifier.swift */; };
		7062E133298CD6A600CCE946 /* ViewHighlightColorStyle.swift in Sources */ = {isa = PBXBuildFile; fileRef = 7062E132298CD6A600CCE946 /* ViewHighlightColorStyle.swift */; };
		7062E135298CE63800CCE946 /* ShadowColorSchemeModifier.swift in Sources */ = {isa = PBXBuildFile; fileRef = 7062E134298CE63800CCE946 /* ShadowColorSchemeModifier.swift */; };
		7065B459297A1F51000B91D2 /* GSButton.swift in Sources */ = {isa = PBXBuildFile; fileRef = 7065B458297A1F51000B91D2 /* GSButton.swift */; };
		7068B6A829769448005D6B7B /* GitSpaceApp.swift in Sources */ = {isa = PBXBuildFile; fileRef = 7068B6A729769448005D6B7B /* GitSpaceApp.swift */; };
		7068B6AF29769449005D6B7B /* Preview Assets.xcassets in Resources */ = {isa = PBXBuildFile; fileRef = 7068B6AE29769449005D6B7B /* Preview Assets.xcassets */; };
		7068B6BD29769517005D6B7B /* MainHomeView.swift in Sources */ = {isa = PBXBuildFile; fileRef = 7068B6BC29769517005D6B7B /* MainHomeView.swift */; };
		7068B6C22976952B005D6B7B /* MainProfileView.swift in Sources */ = {isa = PBXBuildFile; fileRef = 7068B6C12976952B005D6B7B /* MainProfileView.swift */; };
		706BDE422988E2E800284F0F /* KnockHistoryView.swift in Sources */ = {isa = PBXBuildFile; fileRef = 706BDE412988E2E800284F0F /* KnockHistoryView.swift */; };
		706BDE472988FBE000284F0F /* Date+DateDiff.swift in Sources */ = {isa = PBXBuildFile; fileRef = 706BDE462988FBE000284F0F /* Date+DateDiff.swift */; };
		70724EE9299C9CCF0067FEE7 /* Secrets.xcconfig in Resources */ = {isa = PBXBuildFile; fileRef = 70724EE8299C9CCF0067FEE7 /* Secrets.xcconfig */; };
		707E58F629799449007F4ADF /* GSTextField.swift in Sources */ = {isa = PBXBuildFile; fileRef = 707E58F529799449007F4ADF /* GSTextField.swift */; };
		708E70E92997E01F008BC975 /* SendKnockView.swift in Sources */ = {isa = PBXBuildFile; fileRef = 34BC357D2988EA4D000DCBC7 /* SendKnockView.swift */; };
		708E70EA2997E033008BC975 /* EachKnockCell.swift in Sources */ = {isa = PBXBuildFile; fileRef = 34BC356E29779201000DCBC7 /* EachKnockCell.swift */; };
		708E70EB2997E05C008BC975 /* MainKnockView.swift in Sources */ = {isa = PBXBuildFile; fileRef = 34BC356829777253000DCBC7 /* MainKnockView.swift */; };
		7095265F297F8F4D00F97E27 /* View+.swift in Sources */ = {isa = PBXBuildFile; fileRef = 7095265E297F8F4D00F97E27 /* View+.swift */; };
		7095CFA4297EB913000F2BF6 /* Color+.swift in Sources */ = {isa = PBXBuildFile; fileRef = 7095CFA3297EB913000F2BF6 /* Color+.swift */; };
		70ABF2C5298C06AB0058467E /* GSNavigationLink.swift in Sources */ = {isa = PBXBuildFile; fileRef = 70ABF2C4298C06AB0058467E /* GSNavigationLink.swift */; };
		70ABF2C7298C07F90058467E /* View+DesignSystem.swift in Sources */ = {isa = PBXBuildFile; fileRef = 70ABF2C6298C07F90058467E /* View+DesignSystem.swift */; };
		70BB6CE0299B105B009948FC /* URL+DeepLink.swift in Sources */ = {isa = PBXBuildFile; fileRef = 70BB6CDF299B105B009948FC /* URL+DeepLink.swift */; };
		70BB6CE2299B1DA7009948FC /* ContentView.swift in Sources */ = {isa = PBXBuildFile; fileRef = 70BB6CE1299B1DA7009948FC /* ContentView.swift */; };
		70BB6CE4299B1DCD009948FC /* GoogleService-Info.plist in Resources */ = {isa = PBXBuildFile; fileRef = 70BB6CE3299B1DCD009948FC /* GoogleService-Info.plist */; };
		70BB6CF4299B4301009948FC /* Assets.xcassets in Resources */ = {isa = PBXBuildFile; fileRef = 70BB6CF3299B4301009948FC /* Assets.xcassets */; };
		70BE63E5298CA5190060336F /* Constant.swift in Sources */ = {isa = PBXBuildFile; fileRef = 70BE63E4298CA5190060336F /* Constant.swift */; };
		70D0737B297D69CE0049A359 /* FirebaseMessaging in Frameworks */ = {isa = PBXBuildFile; productRef = 70D0737A297D69CE0049A359 /* FirebaseMessaging */; };
		70DB32B02989FA40004E82AD /* Button+ColorScheme.swift in Sources */ = {isa = PBXBuildFile; fileRef = 7095265C297F8CEC00F97E27 /* Button+ColorScheme.swift */; };
		70DB32B22989FAB0004E82AD /* Message.swift in Sources */ = {isa = PBXBuildFile; fileRef = 6E0840162983906F00F51169 /* Message.swift */; };
		70DB32B42989FAB0004E82AD /* SetMainView.swift in Sources */ = {isa = PBXBuildFile; fileRef = 0BF5E35D2977AD5600F3673C /* SetMainView.swift */; };
		70F4BD0F2977D37D005528A1 /* AddTagSheetView.swift in Sources */ = {isa = PBXBuildFile; fileRef = 70F4BD0E2977D37D005528A1 /* AddTagSheetView.swift */; };
		70F4BD112977D408005528A1 /* RepositoryDetailView.swift in Sources */ = {isa = PBXBuildFile; fileRef = 70F4BD102977D408005528A1 /* RepositoryDetailView.swift */; };
		EE0CC79B2976F2160096A873 /* ContributorListView.swift in Sources */ = {isa = PBXBuildFile; fileRef = EE0CC79A2976F2160096A873 /* ContributorListView.swift */; };
		EEEF740A298D783800FABEA3 /* GSCanvasModifier.swift in Sources */ = {isa = PBXBuildFile; fileRef = EEEF7409298D783800FABEA3 /* GSCanvasModifier.swift */; };
		EEEF740C298D784C00FABEA3 /* GSCanvas.swift in Sources */ = {isa = PBXBuildFile; fileRef = EEEF740B298D784C00FABEA3 /* GSCanvas.swift */; };
/* End PBXBuildFile section */

/* Begin PBXFileReference section */
		0B2B2BFA2976D72B00EB11BC /* ProfileDetailView.swift */ = {isa = PBXFileReference; lastKnownFileType = sourcecode.swift; path = ProfileDetailView.swift; sourceTree = "<group>"; };
		0B87BA51298CCD9E006B80D3 /* GSText.swift */ = {isa = PBXFileReference; lastKnownFileType = sourcecode.swift; path = GSText.swift; sourceTree = "<group>"; };
		0B93BBD4299C72770006B8A7 /* HomeCardSkeletonCell.swift */ = {isa = PBXFileReference; lastKnownFileType = sourcecode.swift; path = HomeCardSkeletonCell.swift; sourceTree = "<group>"; };
		0B9585922990BD1A00655427 /* BlinkingSkeletonModifier.swift */ = {isa = PBXFileReference; lastKnownFileType = sourcecode.swift; path = BlinkingSkeletonModifier.swift; sourceTree = "<group>"; };
		0BF5E35D2977AD5600F3673C /* SetMainView.swift */ = {isa = PBXFileReference; lastKnownFileType = sourcecode.swift; path = SetMainView.swift; sourceTree = "<group>"; };
		22016E8C299B11B000452428 /* UserProfileView.swift */ = {isa = PBXFileReference; lastKnownFileType = sourcecode.swift; path = UserProfileView.swift; sourceTree = "<group>"; };
		2204BD4E299B1BD200AA4725 /* ContributorProfile.swift */ = {isa = PBXFileReference; lastKnownFileType = sourcecode.swift; path = ContributorProfile.swift; sourceTree = "<group>"; };
		2204BD50299B288F00AA4725 /* ContributorViewModel.swift */ = {isa = PBXFileReference; lastKnownFileType = sourcecode.swift; path = ContributorViewModel.swift; sourceTree = "<group>"; };
		2205F23C299C9F1400B2643D /* Event.swift */ = {isa = PBXFileReference; lastKnownFileType = sourcecode.swift; path = Event.swift; sourceTree = "<group>"; };
		2205F242299D1B0B00B2643D /* EventViewModel.swift */ = {isa = PBXFileReference; lastKnownFileType = sourcecode.swift; path = EventViewModel.swift; sourceTree = "<group>"; };
		2205F244299D2B2B00B2643D /* Date+.swift */ = {isa = PBXFileReference; lastKnownFileType = sourcecode.swift; path = "Date+.swift"; sourceTree = "<group>"; };
		225A22C4299778A900786B35 /* HTTPRequestMethod.swift */ = {isa = PBXFileReference; fileEncoding = 4; lastKnownFileType = sourcecode.swift; path = HTTPRequestMethod.swift; sourceTree = "<group>"; };
		225A22C5299778A900786B35 /* GitHubAPIError.swift */ = {isa = PBXFileReference; fileEncoding = 4; lastKnownFileType = sourcecode.swift; path = GitHubAPIError.swift; sourceTree = "<group>"; };
		225A22C6299778A900786B35 /* HTTPClient.swift */ = {isa = PBXFileReference; fileEncoding = 4; lastKnownFileType = sourcecode.swift; path = HTTPClient.swift; sourceTree = "<group>"; };
		225A22C7299778A900786B35 /* Endpoint.swift */ = {isa = PBXFileReference; fileEncoding = 4; lastKnownFileType = sourcecode.swift; path = Endpoint.swift; sourceTree = "<group>"; };
		225A22C9299778A900786B35 /* GitHubUser.swift */ = {isa = PBXFileReference; fileEncoding = 4; lastKnownFileType = sourcecode.swift; path = GitHubUser.swift; sourceTree = "<group>"; };
		225A22CA299778A900786B35 /* UserResponse.swift */ = {isa = PBXFileReference; fileEncoding = 4; lastKnownFileType = sourcecode.swift; path = UserResponse.swift; sourceTree = "<group>"; };
		225A22CB299778A900786B35 /* RepositoryResponse.swift */ = {isa = PBXFileReference; fileEncoding = 4; lastKnownFileType = sourcecode.swift; path = RepositoryResponse.swift; sourceTree = "<group>"; };
		225A22CC299778A900786B35 /* GitHubAPIEndpoint.swift */ = {isa = PBXFileReference; fileEncoding = 4; lastKnownFileType = sourcecode.swift; path = GitHubAPIEndpoint.swift; sourceTree = "<group>"; };
		225A22CE299778A900786B35 /* GitHubService.swift */ = {isa = PBXFileReference; fileEncoding = 4; lastKnownFileType = sourcecode.swift; path = GitHubService.swift; sourceTree = "<group>"; };
		22B1F2A5299231B60010FD15 /* NotificationView.swift */ = {isa = PBXFileReference; lastKnownFileType = sourcecode.swift; path = NotificationView.swift; sourceTree = "<group>"; };
		22B1F2A7299235460010FD15 /* SystemNotificationCell.swift */ = {isa = PBXFileReference; lastKnownFileType = sourcecode.swift; path = SystemNotificationCell.swift; sourceTree = "<group>"; };
		22B1F2A9299235520010FD15 /* KnockNotificationCell.swift */ = {isa = PBXFileReference; lastKnownFileType = sourcecode.swift; path = KnockNotificationCell.swift; sourceTree = "<group>"; };
		22C54128298CC36D00CC89EC /* GSTabBarBackGround.swift */ = {isa = PBXFileReference; lastKnownFileType = sourcecode.swift; path = GSTabBarBackGround.swift; sourceTree = "<group>"; };
		22C5412A298CCAD200CC89EC /* TabBarBackgroundModifier.swift */ = {isa = PBXFileReference; lastKnownFileType = sourcecode.swift; path = TabBarBackgroundModifier.swift; sourceTree = "<group>"; };
		22C5412C298CD22500CC89EC /* View+cornerRadius.swift */ = {isa = PBXFileReference; lastKnownFileType = sourcecode.swift; path = "View+cornerRadius.swift"; sourceTree = "<group>"; };
		22C5412E298CE35300CC89EC /* GSTabBarIcon.swift */ = {isa = PBXFileReference; lastKnownFileType = sourcecode.swift; path = GSTabBarIcon.swift; sourceTree = "<group>"; };
		22C54131298CE38300CC89EC /* GSTabBarRouter.swift */ = {isa = PBXFileReference; lastKnownFileType = sourcecode.swift; path = GSTabBarRouter.swift; sourceTree = "<group>"; };
		22DECDE52976F78C008A4405 /* ActivityView.swift */ = {isa = PBXFileReference; lastKnownFileType = sourcecode.swift; path = ActivityView.swift; sourceTree = "<group>"; };
		22DECDE92976FEB5008A4405 /* ActivityFeedView.swift */ = {isa = PBXFileReference; lastKnownFileType = sourcecode.swift; path = ActivityFeedView.swift; sourceTree = "<group>"; };
		22E9ECF0299BA78400D5A9C6 /* UIScreen+.swift */ = {isa = PBXFileReference; lastKnownFileType = sourcecode.swift; path = "UIScreen+.swift"; sourceTree = "<group>"; };
		22E9ECF2299BB92100D5A9C6 /* Owner.swift */ = {isa = PBXFileReference; lastKnownFileType = sourcecode.swift; path = Owner.swift; sourceTree = "<group>"; };
		3427734D2992A78900818816 /* ActivityGuideView.swift */ = {isa = PBXFileReference; lastKnownFileType = sourcecode.swift; path = ActivityGuideView.swift; sourceTree = "<group>"; };
		342773542993E19700818816 /* SetAppearanceView.swift */ = {isa = PBXFileReference; lastKnownFileType = sourcecode.swift; path = SetAppearanceView.swift; sourceTree = "<group>"; };
		342773562993E1BE00818816 /* SetLicensesView.swift */ = {isa = PBXFileReference; lastKnownFileType = sourcecode.swift; path = SetLicensesView.swift; sourceTree = "<group>"; };
		3427735D2994244A00818816 /* en */ = {isa = PBXFileReference; lastKnownFileType = text.plist.strings; name = en; path = en.lproj/Localizable.strings; sourceTree = "<group>"; };
		3427735F2994249500818816 /* ko */ = {isa = PBXFileReference; lastKnownFileType = text.plist.strings; name = ko; path = ko.lproj/Localizable.strings; sourceTree = "<group>"; };
		34277360299495C000818816 /* SetAccountView.swift */ = {isa = PBXFileReference; lastKnownFileType = sourcecode.swift; path = SetAccountView.swift; sourceTree = "<group>"; };
		34277362299495EC00818816 /* SetPrivacySafetyView.swift */ = {isa = PBXFileReference; lastKnownFileType = sourcecode.swift; path = SetPrivacySafetyView.swift; sourceTree = "<group>"; };
		342773642994A98400818816 /* SetLanguageView.swift */ = {isa = PBXFileReference; lastKnownFileType = sourcecode.swift; path = SetLanguageView.swift; sourceTree = "<group>"; };
		342773662994AD1B00818816 /* SetTextMediaView.swift */ = {isa = PBXFileReference; lastKnownFileType = sourcecode.swift; path = SetTextMediaView.swift; sourceTree = "<group>"; };
		342773682994AD3100818816 /* SetNotificationsView.swift */ = {isa = PBXFileReference; lastKnownFileType = sourcecode.swift; path = SetNotificationsView.swift; sourceTree = "<group>"; };
		3427736A2994BA1F00818816 /* SetWorkingHoursView.swift */ = {isa = PBXFileReference; lastKnownFileType = sourcecode.swift; path = SetWorkingHoursView.swift; sourceTree = "<group>"; };
		344DB650299B1C9B00433339 /* SetKnockControlsView.swift */ = {isa = PBXFileReference; lastKnownFileType = sourcecode.swift; path = SetKnockControlsView.swift; sourceTree = "<group>"; };
		34582162298A4A310058CA4C /* KeyboardHandler.swift */ = {isa = PBXFileReference; lastKnownFileType = sourcecode.swift; path = KeyboardHandler.swift; sourceTree = "<group>"; };
		34582166298E0ABD0058CA4C /* KnockGuideView.swift */ = {isa = PBXFileReference; lastKnownFileType = sourcecode.swift; path = KnockGuideView.swift; sourceTree = "<group>"; };
		346EF6AB29923F6B00878949 /* ChatGuideView.swift */ = {isa = PBXFileReference; lastKnownFileType = sourcecode.swift; path = ChatGuideView.swift; sourceTree = "<group>"; };
		347146012990BC5200ED990C /* TopperProfileView.swift */ = {isa = PBXFileReference; lastKnownFileType = sourcecode.swift; path = TopperProfileView.swift; sourceTree = "<group>"; };
		347146042991F02500ED990C /* GuideCenterView.swift */ = {isa = PBXFileReference; lastKnownFileType = sourcecode.swift; path = GuideCenterView.swift; sourceTree = "<group>"; };
		3471460629920F8500ED990C /* GuideFuncSection.swift */ = {isa = PBXFileReference; lastKnownFileType = sourcecode.swift; path = GuideFuncSection.swift; sourceTree = "<group>"; };
		347146092992112000ED990C /* StarGuideView.swift */ = {isa = PBXFileReference; lastKnownFileType = sourcecode.swift; path = StarGuideView.swift; sourceTree = "<group>"; };
		3471460C2992211300ED990C /* GuideReportSection.swift */ = {isa = PBXFileReference; lastKnownFileType = sourcecode.swift; path = GuideReportSection.swift; sourceTree = "<group>"; };
		3471460E2992217A00ED990C /* ReportGuideView.swift */ = {isa = PBXFileReference; lastKnownFileType = sourcecode.swift; path = ReportGuideView.swift; sourceTree = "<group>"; };
		347146112992253600ED990C /* GuideBlockSection.swift */ = {isa = PBXFileReference; lastKnownFileType = sourcecode.swift; path = GuideBlockSection.swift; sourceTree = "<group>"; };
		347146132992254200ED990C /* BlockGuideView.swift */ = {isa = PBXFileReference; lastKnownFileType = sourcecode.swift; path = BlockGuideView.swift; sourceTree = "<group>"; };
		348540EE299D5DFE00B738F9 /* TagGuideView.swift */ = {isa = PBXFileReference; lastKnownFileType = sourcecode.swift; path = TagGuideView.swift; sourceTree = "<group>"; };
		348540F0299D5E7700B738F9 /* BlockListGuideView.swift */ = {isa = PBXFileReference; lastKnownFileType = sourcecode.swift; path = BlockListGuideView.swift; sourceTree = "<group>"; };
		348540F2299D5E9E00B738F9 /* AfterBlockGuideView.swift */ = {isa = PBXFileReference; lastKnownFileType = sourcecode.swift; path = AfterBlockGuideView.swift; sourceTree = "<group>"; };
		348540F4299D5EF200B738F9 /* WhatToReportGuideView.swift */ = {isa = PBXFileReference; lastKnownFileType = sourcecode.swift; path = WhatToReportGuideView.swift; sourceTree = "<group>"; };
		348540F6299D5F8600B738F9 /* AfterReportGuideView.swift */ = {isa = PBXFileReference; lastKnownFileType = sourcecode.swift; path = AfterReportGuideView.swift; sourceTree = "<group>"; };
		34BC356829777253000DCBC7 /* MainKnockView.swift */ = {isa = PBXFileReference; lastKnownFileType = sourcecode.swift; path = MainKnockView.swift; sourceTree = "<group>"; };
		34BC356E29779201000DCBC7 /* EachKnockCell.swift */ = {isa = PBXFileReference; lastKnownFileType = sourcecode.swift; path = EachKnockCell.swift; sourceTree = "<group>"; };
		34BC357D2988EA4D000DCBC7 /* SendKnockView.swift */ = {isa = PBXFileReference; lastKnownFileType = sourcecode.swift; path = SendKnockView.swift; sourceTree = "<group>"; };
		34BC35812988EABD000DCBC7 /* ReceivedKnockView.swift */ = {isa = PBXFileReference; lastKnownFileType = sourcecode.swift; path = ReceivedKnockView.swift; sourceTree = "<group>"; };
		680C199E29937CAD009AF5D5 /* SigninView.swift */ = {isa = PBXFileReference; lastKnownFileType = sourcecode.swift; path = SigninView.swift; sourceTree = "<group>"; };
		680C19A0299385A2009AF5D5 /* InitialView.swift */ = {isa = PBXFileReference; lastKnownFileType = sourcecode.swift; path = InitialView.swift; sourceTree = "<group>"; };
		686CD901299B4952000FD0B6 /* TagViewModel.swift */ = {isa = PBXFileReference; lastKnownFileType = sourcecode.swift; path = TagViewModel.swift; sourceTree = "<group>"; };
		687AE54D298FA1E800113ABF /* RepositoryViewModel.swift */ = {isa = PBXFileReference; lastKnownFileType = sourcecode.swift; path = RepositoryViewModel.swift; sourceTree = "<group>"; };
		687AE54F298FA22500113ABF /* Repository.swift */ = {isa = PBXFileReference; lastKnownFileType = sourcecode.swift; path = Repository.swift; sourceTree = "<group>"; };
		687AE551298FA23700113ABF /* Tag.swift */ = {isa = PBXFileReference; lastKnownFileType = sourcecode.swift; path = Tag.swift; sourceTree = "<group>"; };
		6896A4F1298EB8BC00CEAFB5 /* RepositoryCardView.swift */ = {isa = PBXFileReference; lastKnownFileType = sourcecode.swift; path = RepositoryCardView.swift; sourceTree = "<group>"; };
		68D76D4B298712EC00C1EA88 /* GitHubAuthManager.swift */ = {isa = PBXFileReference; fileEncoding = 4; lastKnownFileType = sourcecode.swift; path = GitHubAuthManager.swift; sourceTree = "<group>"; };
		68E95FC62976D48C002E65AD /* StarredView.swift */ = {isa = PBXFileReference; lastKnownFileType = sourcecode.swift; path = StarredView.swift; sourceTree = "<group>"; };
		6E000CAE29899F6C00446C0D /* ChatModifiers.swift */ = {isa = PBXFileReference; lastKnownFileType = sourcecode.swift; path = ChatModifiers.swift; sourceTree = "<group>"; };
		6E000CB22989A2F700446C0D /* ChatRoomKnockSection.swift */ = {isa = PBXFileReference; lastKnownFileType = sourcecode.swift; path = ChatRoomKnockSection.swift; sourceTree = "<group>"; };
		6E000CB6298A67E800446C0D /* ProfileAsyncImage.swift */ = {isa = PBXFileReference; lastKnownFileType = sourcecode.swift; path = ProfileAsyncImage.swift; sourceTree = "<group>"; };
		6E0840142983902800F51169 /* Chat.swift */ = {isa = PBXFileReference; lastKnownFileType = sourcecode.swift; path = Chat.swift; sourceTree = "<group>"; };
		6E0840162983906F00F51169 /* Message.swift */ = {isa = PBXFileReference; lastKnownFileType = sourcecode.swift; path = Message.swift; sourceTree = "<group>"; };
		6E0840182983948300F51169 /* ChatViewModel.swift */ = {isa = PBXFileReference; lastKnownFileType = sourcecode.swift; path = ChatViewModel.swift; sourceTree = "<group>"; };
		6E08401A298394DF00F51169 /* MessageViewModel.swift */ = {isa = PBXFileReference; lastKnownFileType = sourcecode.swift; path = MessageViewModel.swift; sourceTree = "<group>"; };
		6E08401C2983961300F51169 /* MainChatView.swift */ = {isa = PBXFileReference; lastKnownFileType = sourcecode.swift; path = MainChatView.swift; sourceTree = "<group>"; };
		6E08401E2983966200F51169 /* ChatRoomView.swift */ = {isa = PBXFileReference; lastKnownFileType = sourcecode.swift; path = ChatRoomView.swift; sourceTree = "<group>"; };
		6E0840202983979B00F51169 /* MessageCell.swift */ = {isa = PBXFileReference; lastKnownFileType = sourcecode.swift; path = MessageCell.swift; sourceTree = "<group>"; };
		6E08402229839BD200F51169 /* Utility.swift */ = {isa = PBXFileReference; lastKnownFileType = sourcecode.swift; path = Utility.swift; sourceTree = "<group>"; };
		6E0840242983BAD700F51169 /* UserViewModel.swift */ = {isa = PBXFileReference; lastKnownFileType = sourcecode.swift; path = UserViewModel.swift; sourceTree = "<group>"; };
		6E0840262983BB9A00F51169 /* UserInfo.swift */ = {isa = PBXFileReference; lastKnownFileType = sourcecode.swift; path = UserInfo.swift; sourceTree = "<group>"; };
		6E0F9590298CEE2D000FE529 /* GSTextFieldLayoutModifier.swift */ = {isa = PBXFileReference; lastKnownFileType = sourcecode.swift; path = GSTextFieldLayoutModifier.swift; sourceTree = "<group>"; };
		6E0F9594298CF5F8000FE529 /* GSTextEditor.swift */ = {isa = PBXFileReference; lastKnownFileType = sourcecode.swift; path = GSTextEditor.swift; sourceTree = "<group>"; };
		6E1D10092994D21700D43AB9 /* AddChatView.swift */ = {isa = PBXFileReference; lastKnownFileType = sourcecode.swift; path = AddChatView.swift; sourceTree = "<group>"; };
		6E38C6032991EF380043A8BB /* ChatListCell.swift */ = {isa = PBXFileReference; lastKnownFileType = sourcecode.swift; path = ChatListCell.swift; sourceTree = "<group>"; };
		6E38C6052991EF590043A8BB /* ChatListSkeletonCell.swift */ = {isa = PBXFileReference; lastKnownFileType = sourcecode.swift; path = ChatListSkeletonCell.swift; sourceTree = "<group>"; };
		6E70333B29890AD000FFC018 /* ChatUserRecommendationSection.swift */ = {isa = PBXFileReference; lastKnownFileType = sourcecode.swift; path = ChatUserRecommendationSection.swift; sourceTree = "<group>"; };
		6E70333D29890ADE00FFC018 /* ChatListSection.swift */ = {isa = PBXFileReference; lastKnownFileType = sourcecode.swift; path = ChatListSection.swift; sourceTree = "<group>"; };
		6E8C05C6297781BB002C9F45 /* ChatRoomInfoView.swift */ = {isa = PBXFileReference; lastKnownFileType = sourcecode.swift; path = ChatRoomInfoView.swift; sourceTree = "<group>"; };
		6EC383A4298FE49000F209CF /* UIFont+.swift */ = {isa = PBXFileReference; lastKnownFileType = sourcecode.swift; path = "UIFont+.swift"; sourceTree = "<group>"; };
		700A11D1299737F4008C94C7 /* AppDelegate+Firebase.swift */ = {isa = PBXFileReference; lastKnownFileType = sourcecode.swift; path = "AppDelegate+Firebase.swift"; sourceTree = "<group>"; };
		700A11D5299771B5008C94C7 /* KnockViewManager.swift */ = {isa = PBXFileReference; lastKnownFileType = sourcecode.swift; path = KnockViewManager.swift; sourceTree = "<group>"; };
		700A11D7299774A0008C94C7 /* Knock.swift */ = {isa = PBXFileReference; lastKnownFileType = sourcecode.swift; path = Knock.swift; sourceTree = "<group>"; };
		7019EDBC2997EC7700135F26 /* PinnedViewHeaderModifier.swift */ = {isa = PBXFileReference; lastKnownFileType = sourcecode.swift; path = PinnedViewHeaderModifier.swift; sourceTree = "<group>"; };
		704D160E29992FF9009206BD /* String+.swift */ = {isa = PBXFileReference; lastKnownFileType = sourcecode.swift; path = "String+.swift"; sourceTree = "<group>"; };
		70528FBD299C022800E29316 /* PushNotificationManager.swift */ = {isa = PBXFileReference; fileEncoding = 4; lastKnownFileType = sourcecode.swift; path = PushNotificationManager.swift; sourceTree = "<group>"; };
		7062E12C298CC50A00CCE946 /* DesignSystemStyleEnums.swift */ = {isa = PBXFileReference; lastKnownFileType = sourcecode.swift; path = DesignSystemStyleEnums.swift; sourceTree = "<group>"; };
		7062E12E298CC82D00CCE946 /* ColorSchemeModifiers.swift */ = {isa = PBXFileReference; lastKnownFileType = sourcecode.swift; path = ColorSchemeModifiers.swift; sourceTree = "<group>"; };
		7062E130298CCB1700CCE946 /* LabelModifier.swift */ = {isa = PBXFileReference; lastKnownFileType = sourcecode.swift; path = LabelModifier.swift; sourceTree = "<group>"; };
		7062E132298CD6A600CCE946 /* ViewHighlightColorStyle.swift */ = {isa = PBXFileReference; lastKnownFileType = sourcecode.swift; path = ViewHighlightColorStyle.swift; sourceTree = "<group>"; };
		7062E134298CE63800CCE946 /* ShadowColorSchemeModifier.swift */ = {isa = PBXFileReference; lastKnownFileType = sourcecode.swift; path = ShadowColorSchemeModifier.swift; sourceTree = "<group>"; };
		7065B458297A1F51000B91D2 /* GSButton.swift */ = {isa = PBXFileReference; lastKnownFileType = sourcecode.swift; path = GSButton.swift; sourceTree = "<group>"; };
		7068B6A429769448005D6B7B /* GitSpace.app */ = {isa = PBXFileReference; explicitFileType = wrapper.application; includeInIndex = 0; path = GitSpace.app; sourceTree = BUILT_PRODUCTS_DIR; };
		7068B6A729769448005D6B7B /* GitSpaceApp.swift */ = {isa = PBXFileReference; lastKnownFileType = sourcecode.swift; path = GitSpaceApp.swift; sourceTree = "<group>"; };
		7068B6AE29769449005D6B7B /* Preview Assets.xcassets */ = {isa = PBXFileReference; lastKnownFileType = folder.assetcatalog; path = "Preview Assets.xcassets"; sourceTree = "<group>"; };
		7068B6BC29769517005D6B7B /* MainHomeView.swift */ = {isa = PBXFileReference; lastKnownFileType = sourcecode.swift; path = MainHomeView.swift; sourceTree = "<group>"; };
		7068B6C12976952B005D6B7B /* MainProfileView.swift */ = {isa = PBXFileReference; lastKnownFileType = sourcecode.swift; path = MainProfileView.swift; sourceTree = "<group>"; };
		706BDE412988E2E800284F0F /* KnockHistoryView.swift */ = {isa = PBXFileReference; lastKnownFileType = sourcecode.swift; path = KnockHistoryView.swift; sourceTree = "<group>"; };
		706BDE462988FBE000284F0F /* Date+DateDiff.swift */ = {isa = PBXFileReference; lastKnownFileType = sourcecode.swift; path = "Date+DateDiff.swift"; sourceTree = "<group>"; };
		70724EE8299C9CCF0067FEE7 /* Secrets.xcconfig */ = {isa = PBXFileReference; fileEncoding = 4; lastKnownFileType = text.xcconfig; path = Secrets.xcconfig; sourceTree = "<group>"; };
		707E58F529799449007F4ADF /* GSTextField.swift */ = {isa = PBXFileReference; lastKnownFileType = sourcecode.swift; path = GSTextField.swift; sourceTree = "<group>"; };
		7095265C297F8CEC00F97E27 /* Button+ColorScheme.swift */ = {isa = PBXFileReference; lastKnownFileType = sourcecode.swift; path = "Button+ColorScheme.swift"; sourceTree = "<group>"; };
		7095265E297F8F4D00F97E27 /* View+.swift */ = {isa = PBXFileReference; lastKnownFileType = sourcecode.swift; path = "View+.swift"; sourceTree = "<group>"; };
		7095CFA3297EB913000F2BF6 /* Color+.swift */ = {isa = PBXFileReference; lastKnownFileType = sourcecode.swift; path = "Color+.swift"; sourceTree = "<group>"; };
		70ABF2C4298C06AB0058467E /* GSNavigationLink.swift */ = {isa = PBXFileReference; lastKnownFileType = sourcecode.swift; path = GSNavigationLink.swift; sourceTree = "<group>"; };
		70ABF2C6298C07F90058467E /* View+DesignSystem.swift */ = {isa = PBXFileReference; lastKnownFileType = sourcecode.swift; path = "View+DesignSystem.swift"; sourceTree = "<group>"; };
		70BB6CDF299B105B009948FC /* URL+DeepLink.swift */ = {isa = PBXFileReference; lastKnownFileType = sourcecode.swift; path = "URL+DeepLink.swift"; sourceTree = "<group>"; };
		70BB6CE1299B1DA7009948FC /* ContentView.swift */ = {isa = PBXFileReference; fileEncoding = 4; lastKnownFileType = sourcecode.swift; path = ContentView.swift; sourceTree = "<group>"; };
		70BB6CE3299B1DCD009948FC /* GoogleService-Info.plist */ = {isa = PBXFileReference; fileEncoding = 4; lastKnownFileType = text.plist.xml; path = "GoogleService-Info.plist"; sourceTree = "<group>"; };
		70BB6CE5299B1DDE009948FC /* GitSpace.entitlements */ = {isa = PBXFileReference; lastKnownFileType = text.plist.entitlements; path = GitSpace.entitlements; sourceTree = "<group>"; };
		70BB6CF3299B4301009948FC /* Assets.xcassets */ = {isa = PBXFileReference; lastKnownFileType = folder.assetcatalog; path = Assets.xcassets; sourceTree = "<group>"; };
		70BB6CFA299B769D009948FC /* Info.plist */ = {isa = PBXFileReference; fileEncoding = 4; lastKnownFileType = text.plist.xml; path = Info.plist; sourceTree = "<group>"; };
		70BE63E4298CA5190060336F /* Constant.swift */ = {isa = PBXFileReference; lastKnownFileType = sourcecode.swift; path = Constant.swift; sourceTree = "<group>"; };
		70F4BD0E2977D37D005528A1 /* AddTagSheetView.swift */ = {isa = PBXFileReference; fileEncoding = 4; lastKnownFileType = sourcecode.swift; path = AddTagSheetView.swift; sourceTree = "<group>"; };
		70F4BD102977D408005528A1 /* RepositoryDetailView.swift */ = {isa = PBXFileReference; fileEncoding = 4; lastKnownFileType = sourcecode.swift; path = RepositoryDetailView.swift; sourceTree = "<group>"; };
		EE0CC79A2976F2160096A873 /* ContributorListView.swift */ = {isa = PBXFileReference; lastKnownFileType = sourcecode.swift; path = ContributorListView.swift; sourceTree = "<group>"; };
		EEEF7409298D783800FABEA3 /* GSCanvasModifier.swift */ = {isa = PBXFileReference; fileEncoding = 4; lastKnownFileType = sourcecode.swift; path = GSCanvasModifier.swift; sourceTree = "<group>"; };
		EEEF740B298D784C00FABEA3 /* GSCanvas.swift */ = {isa = PBXFileReference; fileEncoding = 4; lastKnownFileType = sourcecode.swift; path = GSCanvas.swift; sourceTree = "<group>"; };
/* End PBXFileReference section */

/* Begin PBXFrameworksBuildPhase section */
		7068B6A129769448005D6B7B /* Frameworks */ = {
			isa = PBXFrameworksBuildPhase;
			buildActionMask = 2147483647;
			files = (
				70D0737B297D69CE0049A359 /* FirebaseMessaging in Frameworks */,
				68D76D57298713B900C1EA88 /* (null) in Frameworks */,
				68D76D4F298713B900C1EA88 /* FirebaseAuth in Frameworks */,
				688772D22990BBF900B3A0CD /* SwiftUIFlowLayout in Frameworks */,
				68D76D55298713B900C1EA88 /* FirebaseFirestoreCombine-Community in Frameworks */,
				68D76D51298713B900C1EA88 /* FirebaseAuthCombine-Community in Frameworks */,
				68D76D53298713B900C1EA88 /* FirebaseFirestore in Frameworks */,
				6E199B07297A161000F88569 /* FirebaseAuth in Frameworks */,
				22016E882999FB9B00452428 /* MarkdownUI in Frameworks */,
				6E199B09297A161000F88569 /* FirebaseFirestore in Frameworks */,
				6E199B0B297A161000F88569 /* FirebaseFirestoreSwift in Frameworks */,
			);
			runOnlyForDeploymentPostprocessing = 0;
		};
/* End PBXFrameworksBuildPhase section */

/* Begin PBXGroup section */
		225A22C2299778A900786B35 /* Network */ = {
			isa = PBXGroup;
			children = (
				225A22C3299778A900786B35 /* Common */,
				225A22D829977C0000786B35 /* Endpoints */,
				225A22C8299778A900786B35 /* APIModels */,
				225A22CD299778A900786B35 /* Services */,
			);
			path = Network;
			sourceTree = "<group>";
		};
		225A22C3299778A900786B35 /* Common */ = {
			isa = PBXGroup;
			children = (
				225A22C4299778A900786B35 /* HTTPRequestMethod.swift */,
				225A22C5299778A900786B35 /* GitHubAPIError.swift */,
				225A22C6299778A900786B35 /* HTTPClient.swift */,
				225A22C7299778A900786B35 /* Endpoint.swift */,
			);
			path = Common;
			sourceTree = "<group>";
		};
		225A22C8299778A900786B35 /* APIModels */ = {
			isa = PBXGroup;
			children = (
				225A22C9299778A900786B35 /* GitHubUser.swift */,
				225A22CA299778A900786B35 /* UserResponse.swift */,
				225A22CB299778A900786B35 /* RepositoryResponse.swift */,
				2204BD4E299B1BD200AA4725 /* ContributorProfile.swift */,
				22E9ECF2299BB92100D5A9C6 /* Owner.swift */,
				2205F23C299C9F1400B2643D /* Event.swift */,
			);
			path = APIModels;
			sourceTree = "<group>";
		};
		225A22CD299778A900786B35 /* Services */ = {
			isa = PBXGroup;
			children = (
				225A22CE299778A900786B35 /* GitHubService.swift */,
			);
			path = Services;
			sourceTree = "<group>";
		};
		225A22D829977C0000786B35 /* Endpoints */ = {
			isa = PBXGroup;
			children = (
				225A22CC299778A900786B35 /* GitHubAPIEndpoint.swift */,
			);
			path = Endpoints;
			sourceTree = "<group>";
		};
		22B1F2A4299231960010FD15 /* Notification */ = {
			isa = PBXGroup;
			children = (
				22B1F2A5299231B60010FD15 /* NotificationView.swift */,
				22B1F2A7299235460010FD15 /* SystemNotificationCell.swift */,
				22B1F2A9299235520010FD15 /* KnockNotificationCell.swift */,
			);
			path = Notification;
			sourceTree = "<group>";
		};
		22C54130298CE36F00CC89EC /* Router */ = {
			isa = PBXGroup;
			children = (
				70BB6CE1299B1DA7009948FC /* ContentView.swift */,
				22C54131298CE38300CC89EC /* GSTabBarRouter.swift */,
			);
			path = Router;
			sourceTree = "<group>";
		};
		342773502993DF0300818816 /* Settings */ = {
			isa = PBXGroup;
			children = (
				0BF5E35D2977AD5600F3673C /* SetMainView.swift */,
				34277360299495C000818816 /* SetAccountView.swift */,
				34277362299495EC00818816 /* SetPrivacySafetyView.swift */,
				342773512993E13A00818816 /* AppSettings */,
				342773522993E14F00818816 /* Legal */,
			);
			path = Settings;
			sourceTree = "<group>";
		};
		342773512993E13A00818816 /* AppSettings */ = {
			isa = PBXGroup;
			children = (
				342773542993E19700818816 /* SetAppearanceView.swift */,
				342773642994A98400818816 /* SetLanguageView.swift */,
				342773662994AD1B00818816 /* SetTextMediaView.swift */,
				342773682994AD3100818816 /* SetNotificationsView.swift */,
				3427736A2994BA1F00818816 /* SetWorkingHoursView.swift */,
				344DB650299B1C9B00433339 /* SetKnockControlsView.swift */,
			);
			path = AppSettings;
			sourceTree = "<group>";
		};
		342773522993E14F00818816 /* Legal */ = {
			isa = PBXGroup;
			children = (
				342773562993E1BE00818816 /* SetLicensesView.swift */,
			);
			path = Legal;
			sourceTree = "<group>";
		};
		34582161298A49AD0058CA4C /* Utilities */ = {
			isa = PBXGroup;
			children = (
				6E08402229839BD200F51169 /* Utility.swift */,
				7062E12C298CC50A00CCE946 /* DesignSystemStyleEnums.swift */,
				7062E132298CD6A600CCE946 /* ViewHighlightColorStyle.swift */,
				70BE63E4298CA5190060336F /* Constant.swift */,
				703C844A298CA83000398F2C /* Modifiers */,
				70BE63E3298CA4770060336F /* Extensions */,
				70F4BD0B29778E38005528A1 /* Components */,
				34582162298A4A310058CA4C /* KeyboardHandler.swift */,
			);
			path = Utilities;
			sourceTree = "<group>";
		};
		347146002990BBF500ED990C /* Common */ = {
			isa = PBXGroup;
			children = (
				347146012990BC5200ED990C /* TopperProfileView.swift */,
			);
			path = Common;
			sourceTree = "<group>";
		};
		347146032991E8DC00ED990C /* GuideCenter */ = {
			isa = PBXGroup;
			children = (
				347146042991F02500ED990C /* GuideCenterView.swift */,
				3471460829920F9300ED990C /* GuideFunc */,
				347146102992251C00ED990C /* GuideBlock */,
				3471460B2992203D00ED990C /* GuideReport */,
			);
			path = GuideCenter;
			sourceTree = "<group>";
		};
		3471460829920F9300ED990C /* GuideFunc */ = {
			isa = PBXGroup;
			children = (
				3471460629920F8500ED990C /* GuideFuncSection.swift */,
				347146092992112000ED990C /* StarGuideView.swift */,
				348540EE299D5DFE00B738F9 /* TagGuideView.swift */,
				3427734D2992A78900818816 /* ActivityGuideView.swift */,
				34582166298E0ABD0058CA4C /* KnockGuideView.swift */,
				346EF6AB29923F6B00878949 /* ChatGuideView.swift */,
			);
			path = GuideFunc;
			sourceTree = "<group>";
		};
		3471460B2992203D00ED990C /* GuideReport */ = {
			isa = PBXGroup;
			children = (
				3471460C2992211300ED990C /* GuideReportSection.swift */,
				348540F4299D5EF200B738F9 /* WhatToReportGuideView.swift */,
				3471460E2992217A00ED990C /* ReportGuideView.swift */,
				348540F6299D5F8600B738F9 /* AfterReportGuideView.swift */,
			);
			path = GuideReport;
			sourceTree = "<group>";
		};
		347146102992251C00ED990C /* GuideBlock */ = {
			isa = PBXGroup;
			children = (
				347146112992253600ED990C /* GuideBlockSection.swift */,
				347146132992254200ED990C /* BlockGuideView.swift */,
				348540F0299D5E7700B738F9 /* BlockListGuideView.swift */,
				348540F2299D5E9E00B738F9 /* AfterBlockGuideView.swift */,
			);
			path = GuideBlock;
			sourceTree = "<group>";
		};
		34BC3567297770C5000DCBC7 /* KnockBox */ = {
			isa = PBXGroup;
			children = (
				34BC356829777253000DCBC7 /* MainKnockView.swift */,
				34BC356E29779201000DCBC7 /* EachKnockCell.swift */,
				34BC35812988EABD000DCBC7 /* ReceivedKnockView.swift */,
				706BDE412988E2E800284F0F /* KnockHistoryView.swift */,
			);
			path = KnockBox;
			sourceTree = "<group>";
		};
		680C199D29937C8B009AF5D5 /* Auth */ = {
			isa = PBXGroup;
			children = (
				680C199E29937CAD009AF5D5 /* SigninView.swift */,
			);
			path = Auth;
			sourceTree = "<group>";
		};
		6E38C6012991EDEA0043A8BB /* MainChat */ = {
			isa = PBXGroup;
			children = (
				6E08401C2983961300F51169 /* MainChatView.swift */,
				6E1D10092994D21700D43AB9 /* AddChatView.swift */,
				6E70333B29890AD000FFC018 /* ChatUserRecommendationSection.swift */,
				6E70333D29890ADE00FFC018 /* ChatListSection.swift */,
				6E38C6032991EF380043A8BB /* ChatListCell.swift */,
				6E38C6052991EF590043A8BB /* ChatListSkeletonCell.swift */,
			);
			path = MainChat;
			sourceTree = "<group>";
		};
		6E38C6022991EE7F0043A8BB /* ChatRoom */ = {
			isa = PBXGroup;
			children = (
				6E08401E2983966200F51169 /* ChatRoomView.swift */,
				6E8C05C6297781BB002C9F45 /* ChatRoomInfoView.swift */,
				6E0840202983979B00F51169 /* MessageCell.swift */,
				6E000CB22989A2F700446C0D /* ChatRoomKnockSection.swift */,
			);
			path = ChatRoom;
			sourceTree = "<group>";
		};
		700A11CC29973584008C94C7 /* App */ = {
			isa = PBXGroup;
			children = (
				700A11CD299735C1008C94C7 /* plist */,
			);
			path = App;
			sourceTree = "<group>";
		};
		700A11CD299735C1008C94C7 /* plist */ = {
			isa = PBXGroup;
			children = (
				70BB6CFA299B769D009948FC /* Info.plist */,
				70BB6CE3299B1DCD009948FC /* GoogleService-Info.plist */,
			);
			path = plist;
			sourceTree = "<group>";
		};
		700A11CE2997364F008C94C7 /* Resources */ = {
			isa = PBXGroup;
			children = (
				70BB6CE5299B1DDE009948FC /* GitSpace.entitlements */,
				70BB6CF3299B4301009948FC /* Assets.xcassets */,
				700A11CC29973584008C94C7 /* App */,
			);
			path = Resources;
			sourceTree = "<group>";
		};
		703C8449298CA60E00398F2C /* Knock */ = {
			isa = PBXGroup;
			children = (
				34BC357D2988EA4D000DCBC7 /* SendKnockView.swift */,
				34BC3567297770C5000DCBC7 /* KnockBox */,
			);
			path = Knock;
			sourceTree = "<group>";
		};
		703C844A298CA83000398F2C /* Modifiers */ = {
			isa = PBXGroup;
			children = (
				6E000CAE29899F6C00446C0D /* ChatModifiers.swift */,
				7062E12E298CC82D00CCE946 /* ColorSchemeModifiers.swift */,
				EEEF7409298D783800FABEA3 /* GSCanvasModifier.swift */,
				6E0F9590298CEE2D000FE529 /* GSTextFieldLayoutModifier.swift */,
				7062E130298CCB1700CCE946 /* LabelModifier.swift */,
				7062E134298CE63800CCE946 /* ShadowColorSchemeModifier.swift */,
				0B9585922990BD1A00655427 /* BlinkingSkeletonModifier.swift */,
				22C5412A298CCAD200CC89EC /* TabBarBackgroundModifier.swift */,
				7019EDBC2997EC7700135F26 /* PinnedViewHeaderModifier.swift */,
			);
			path = Modifiers;
			sourceTree = "<group>";
		};
		7068B69B29769448005D6B7B = {
			isa = PBXGroup;
			children = (
				70724EE8299C9CCF0067FEE7 /* Secrets.xcconfig */,
				7068B6A629769448005D6B7B /* GitSpace */,
				7068B6A529769448005D6B7B /* Products */,
				70D07379297D69CE0049A359 /* Frameworks */,
			);
			sourceTree = "<group>";
		};
		7068B6A529769448005D6B7B /* Products */ = {
			isa = PBXGroup;
			children = (
				7068B6A429769448005D6B7B /* GitSpace.app */,
			);
			name = Products;
			sourceTree = "<group>";
		};
		7068B6A629769448005D6B7B /* GitSpace */ = {
			isa = PBXGroup;
			children = (
				700A11CE2997364F008C94C7 /* Resources */,
				7068B6A729769448005D6B7B /* GitSpaceApp.swift */,
				680C19A0299385A2009AF5D5 /* InitialView.swift */,
				34582161298A49AD0058CA4C /* Utilities */,
				7068B6B529769479005D6B7B /* Sources */,
				3427735E2994244A00818816 /* Localizable.strings */,
				7068B6AD29769449005D6B7B /* Preview Content */,
			);
			path = GitSpace;
			sourceTree = "<group>";
		};
		7068B6AD29769449005D6B7B /* Preview Content */ = {
			isa = PBXGroup;
			children = (
				7068B6AE29769449005D6B7B /* Preview Assets.xcassets */,
			);
			path = "Preview Content";
			sourceTree = "<group>";
		};
		7068B6B529769479005D6B7B /* Sources */ = {
			isa = PBXGroup;
			children = (
				225A22C2299778A900786B35 /* Network */,
				22C54130298CE36F00CC89EC /* Router */,
				7068B6B8297694C2005D6B7B /* Models */,
				7068B6B7297694BE005D6B7B /* ViewModels */,
				7068B6B6297694BA005D6B7B /* Views */,
			);
			path = Sources;
			sourceTree = "<group>";
		};
		7068B6B6297694BA005D6B7B /* Views */ = {
			isa = PBXGroup;
			children = (
				680C199D29937C8B009AF5D5 /* Auth */,
				22B1F2A4299231960010FD15 /* Notification */,
				7068B6BB2976950F005D6B7B /* Home */,
				7068B6BA2976950B005D6B7B /* Chat */,
				703C8449298CA60E00398F2C /* Knock */,
				7068B6B929769505005D6B7B /* Profile */,
				342773502993DF0300818816 /* Settings */,
				347146032991E8DC00ED990C /* GuideCenter */,
				347146002990BBF500ED990C /* Common */,
			);
			path = Views;
			sourceTree = "<group>";
		};
		7068B6B7297694BE005D6B7B /* ViewModels */ = {
			isa = PBXGroup;
			children = (
				706BDE432988E83700284F0F /* KnockHistory */,
				6E08401A298394DF00F51169 /* MessageViewModel.swift */,
				6E0840182983948300F51169 /* ChatViewModel.swift */,
				68D76D4B298712EC00C1EA88 /* GitHubAuthManager.swift */,
				6E0840242983BAD700F51169 /* UserViewModel.swift */,
				687AE54D298FA1E800113ABF /* RepositoryViewModel.swift */,
				686CD901299B4952000FD0B6 /* TagViewModel.swift */,
				2204BD50299B288F00AA4725 /* ContributorViewModel.swift */,
				2205F242299D1B0B00B2643D /* EventViewModel.swift */,
			);
			path = ViewModels;
			sourceTree = "<group>";
		};
		7068B6B8297694C2005D6B7B /* Models */ = {
			isa = PBXGroup;
			children = (
				70528FBD299C022800E29316 /* PushNotificationManager.swift */,
				6E0840162983906F00F51169 /* Message.swift */,
				700A11D7299774A0008C94C7 /* Knock.swift */,
				6E0840142983902800F51169 /* Chat.swift */,
				6E0840262983BB9A00F51169 /* UserInfo.swift */,
				687AE54F298FA22500113ABF /* Repository.swift */,
				687AE551298FA23700113ABF /* Tag.swift */,
			);
			path = Models;
			sourceTree = "<group>";
		};
		7068B6B929769505005D6B7B /* Profile */ = {
			isa = PBXGroup;
			children = (
				7068B6C12976952B005D6B7B /* MainProfileView.swift */,
				0B2B2BFA2976D72B00EB11BC /* ProfileDetailView.swift */,
				22016E8C299B11B000452428 /* UserProfileView.swift */,
			);
			path = Profile;
			sourceTree = "<group>";
		};
		7068B6BA2976950B005D6B7B /* Chat */ = {
			isa = PBXGroup;
			children = (
				6E000CB6298A67E800446C0D /* ProfileAsyncImage.swift */,
				6E38C6012991EDEA0043A8BB /* MainChat */,
				6E38C6022991EE7F0043A8BB /* ChatRoom */,
			);
			path = Chat;
			sourceTree = "<group>";
		};
		7068B6BB2976950F005D6B7B /* Home */ = {
			isa = PBXGroup;
			children = (
				7068B6BC29769517005D6B7B /* MainHomeView.swift */,
				70F4BD0E2977D37D005528A1 /* AddTagSheetView.swift */,
				EE0CC79A2976F2160096A873 /* ContributorListView.swift */,
				22DECDE52976F78C008A4405 /* ActivityView.swift */,
				22DECDE92976FEB5008A4405 /* ActivityFeedView.swift */,
				70F4BD102977D408005528A1 /* RepositoryDetailView.swift */,
				68E95FC62976D48C002E65AD /* StarredView.swift */,
				6896A4F1298EB8BC00CEAFB5 /* RepositoryCardView.swift */,
				0B93BBD4299C72770006B8A7 /* HomeCardSkeletonCell.swift */,
			);
			path = Home;
			sourceTree = "<group>";
		};
		706BDE432988E83700284F0F /* KnockHistory */ = {
			isa = PBXGroup;
			children = (
				700A11D5299771B5008C94C7 /* KnockViewManager.swift */,
			);
			path = KnockHistory;
			sourceTree = "<group>";
		};
		70BE63E3298CA4770060336F /* Extensions */ = {
			isa = PBXGroup;
			children = (
				7095265E297F8F4D00F97E27 /* View+.swift */,
				70ABF2C6298C07F90058467E /* View+DesignSystem.swift */,
				22C5412C298CD22500CC89EC /* View+cornerRadius.swift */,
				7095265C297F8CEC00F97E27 /* Button+ColorScheme.swift */,
				704D160E29992FF9009206BD /* String+.swift */,
				706BDE462988FBE000284F0F /* Date+DateDiff.swift */,
				7095CFA3297EB913000F2BF6 /* Color+.swift */,
				6EC383A4298FE49000F209CF /* UIFont+.swift */,
				70BB6CDF299B105B009948FC /* URL+DeepLink.swift */,
				700A11D1299737F4008C94C7 /* AppDelegate+Firebase.swift */,
				22E9ECF0299BA78400D5A9C6 /* UIScreen+.swift */,
				2205F244299D2B2B00B2643D /* Date+.swift */,
			);
			path = Extensions;
			sourceTree = "<group>";
		};
		70D07379297D69CE0049A359 /* Frameworks */ = {
			isa = PBXGroup;
			children = (
			);
			name = Frameworks;
			sourceTree = "<group>";
		};
		70F4BD0B29778E38005528A1 /* Components */ = {
			isa = PBXGroup;
			children = (
				7065B458297A1F51000B91D2 /* GSButton.swift */,
				EEEF740B298D784C00FABEA3 /* GSCanvas.swift */,
				22C54128298CC36D00CC89EC /* GSTabBarBackGround.swift */,
				22C5412E298CE35300CC89EC /* GSTabBarIcon.swift */,
				0B87BA51298CCD9E006B80D3 /* GSText.swift */,
				707E58F529799449007F4ADF /* GSTextField.swift */,
				6E0F9594298CF5F8000FE529 /* GSTextEditor.swift */,
				70ABF2C4298C06AB0058467E /* GSNavigationLink.swift */,
			);
			path = Components;
			sourceTree = "<group>";
		};
/* End PBXGroup section */

/* Begin PBXNativeTarget section */
		7068B6A329769448005D6B7B /* GitSpace */ = {
			isa = PBXNativeTarget;
			buildConfigurationList = 7068B6B229769449005D6B7B /* Build configuration list for PBXNativeTarget "GitSpace" */;
			buildPhases = (
				7068B6A029769448005D6B7B /* Sources */,
				7068B6A129769448005D6B7B /* Frameworks */,
				7068B6A229769448005D6B7B /* Resources */,
			);
			buildRules = (
			);
			dependencies = (
			);
			name = GitSpace;
			packageProductDependencies = (
				68D76D4E298713B900C1EA88 /* FirebaseAuth */,
				68D76D50298713B900C1EA88 /* FirebaseAuthCombine-Community */,
				68D76D52298713B900C1EA88 /* FirebaseFirestore */,
				68D76D54298713B900C1EA88 /* FirebaseFirestoreCombine-Community */,
				6E199B06297A161000F88569 /* FirebaseAuth */,
				6E199B08297A161000F88569 /* FirebaseFirestore */,
				6E199B0A297A161000F88569 /* FirebaseFirestoreSwift */,
				70D0737A297D69CE0049A359 /* FirebaseMessaging */,
				688772D12990BBF900B3A0CD /* SwiftUIFlowLayout */,
				22016E872999FB9B00452428 /* MarkdownUI */,
			);
			productName = GitSpace;
			productReference = 7068B6A429769448005D6B7B /* GitSpace.app */;
			productType = "com.apple.product-type.application";
		};
/* End PBXNativeTarget section */

/* Begin PBXProject section */
		7068B69C29769448005D6B7B /* Project object */ = {
			isa = PBXProject;
			attributes = {
				BuildIndependentTargetsInParallel = 1;
				LastSwiftUpdateCheck = 1410;
				LastUpgradeCheck = 1420;
				TargetAttributes = {
					7068B6A329769448005D6B7B = {
						CreatedOnToolsVersion = 14.1;
					};
				};
			};
			buildConfigurationList = 7068B69F29769448005D6B7B /* Build configuration list for PBXProject "GitSpace" */;
			compatibilityVersion = "Xcode 14.0";
			developmentRegion = en;
			hasScannedForEncodings = 0;
			knownRegions = (
				en,
				Base,
				ko,
			);
			mainGroup = 7068B69B29769448005D6B7B;
			packageReferences = (
				68D76D4D298713B900C1EA88 /* XCRemoteSwiftPackageReference "firebase-ios-sdk" */,
				6E199B05297A161000F88569 /* XCRemoteSwiftPackageReference "firebase-ios-sdk" */,
				688772D02990BBF900B3A0CD /* XCRemoteSwiftPackageReference "swiftui-flow-layout" */,
				22016E862999FB9B00452428 /* XCRemoteSwiftPackageReference "swift-markdown-ui" */,
			);
			productRefGroup = 7068B6A529769448005D6B7B /* Products */;
			projectDirPath = "";
			projectRoot = "";
			targets = (
				7068B6A329769448005D6B7B /* GitSpace */,
			);
		};
/* End PBXProject section */

/* Begin PBXResourcesBuildPhase section */
		7068B6A229769448005D6B7B /* Resources */ = {
			isa = PBXResourcesBuildPhase;
			buildActionMask = 2147483647;
			files = (
				70BB6CE4299B1DCD009948FC /* GoogleService-Info.plist in Resources */,
				70724EE9299C9CCF0067FEE7 /* Secrets.xcconfig in Resources */,
				7068B6AF29769449005D6B7B /* Preview Assets.xcassets in Resources */,
				70BB6CF4299B4301009948FC /* Assets.xcassets in Resources */,
				3427735C2994244A00818816 /* Localizable.strings in Resources */,
			);
			runOnlyForDeploymentPostprocessing = 0;
		};
/* End PBXResourcesBuildPhase section */

/* Begin PBXSourcesBuildPhase section */
		7068B6A029769448005D6B7B /* Sources */ = {
			isa = PBXSourcesBuildPhase;
			buildActionMask = 2147483647;
			files = (
				708E70EB2997E05C008BC975 /* MainKnockView.swift in Sources */,
				708E70EA2997E033008BC975 /* EachKnockCell.swift in Sources */,
				708E70E92997E01F008BC975 /* SendKnockView.swift in Sources */,
				6E0F9595298CF5F8000FE529 /* GSTextEditor.swift in Sources */,
				70DB32B22989FAB0004E82AD /* Message.swift in Sources */,
				700A11D2299737F4008C94C7 /* AppDelegate+Firebase.swift in Sources */,
				22E9ECF1299BA78400D5A9C6 /* UIScreen+.swift in Sources */,
				6E1D100A2994D21700D43AB9 /* AddChatView.swift in Sources */,
				22C5412F298CE35300CC89EC /* GSTabBarIcon.swift in Sources */,
				22E9ECF3299BB92100D5A9C6 /* Owner.swift in Sources */,
				7019EDBD2997EC7700135F26 /* PinnedViewHeaderModifier.swift in Sources */,
				22C54129298CC36D00CC89EC /* GSTabBarBackGround.swift in Sources */,
				EEEF740C298D784C00FABEA3 /* GSCanvas.swift in Sources */,
				3427736B2994BA1F00818816 /* SetWorkingHoursView.swift in Sources */,
				70DB32B42989FAB0004E82AD /* SetMainView.swift in Sources */,
				700A11D6299771B5008C94C7 /* KnockViewManager.swift in Sources */,
				70DB32B02989FA40004E82AD /* Button+ColorScheme.swift in Sources */,
				22016E8D299B11B000452428 /* UserProfileView.swift in Sources */,
				680C199F29937CAD009AF5D5 /* SigninView.swift in Sources */,
				687AE550298FA22500113ABF /* Repository.swift in Sources */,
				22DECDEA2976FEB5008A4405 /* ActivityFeedView.swift in Sources */,
				22DECDE62976F78C008A4405 /* ActivityView.swift in Sources */,
				348540EF299D5DFE00B738F9 /* TagGuideView.swift in Sources */,
				22C54132298CE38300CC89EC /* GSTabBarRouter.swift in Sources */,
				225A22D5299778A900786B35 /* RepositoryResponse.swift in Sources */,
				225A22D7299778A900786B35 /* GitHubService.swift in Sources */,
				3471460A2992112000ED990C /* StarGuideView.swift in Sources */,
				6896A4F2298EB8BC00CEAFB5 /* RepositoryCardView.swift in Sources */,
				3471460F2992217A00ED990C /* ReportGuideView.swift in Sources */,
				6E08401D2983961300F51169 /* MainChatView.swift in Sources */,
				687AE552298FA23700113ABF /* Tag.swift in Sources */,
				342773672994AD1B00818816 /* SetTextMediaView.swift in Sources */,
				348540F7299D5F8600B738F9 /* AfterReportGuideView.swift in Sources */,
				225A22D3299778A900786B35 /* GitHubUser.swift in Sources */,
				225A22D0299778A900786B35 /* GitHubAPIError.swift in Sources */,
				70ABF2C5298C06AB0058467E /* GSNavigationLink.swift in Sources */,
				70BB6CE2299B1DA7009948FC /* ContentView.swift in Sources */,
				3471460729920F8500ED990C /* GuideFuncSection.swift in Sources */,
				348540F3299D5E9E00B738F9 /* AfterBlockGuideView.swift in Sources */,
				70528FBE299C022800E29316 /* PushNotificationManager.swift in Sources */,
				346EF6AC29923F6B00878949 /* ChatGuideView.swift in Sources */,
				3427734E2992A78900818816 /* ActivityGuideView.swift in Sources */,
				6E0840192983948300F51169 /* ChatViewModel.swift in Sources */,
				0B2B2BFB2976D72B00EB11BC /* ProfileDetailView.swift in Sources */,
				706BDE472988FBE000284F0F /* Date+DateDiff.swift in Sources */,
				22B1F2A6299231B60010FD15 /* NotificationView.swift in Sources */,
				344DB651299B1C9B00433339 /* SetKnockControlsView.swift in Sources */,
				34BC35822988EABD000DCBC7 /* ReceivedKnockView.swift in Sources */,
				EEEF740A298D783800FABEA3 /* GSCanvasModifier.swift in Sources */,
				225A22D6299778A900786B35 /* GitHubAPIEndpoint.swift in Sources */,
				225A22D4299778A900786B35 /* UserResponse.swift in Sources */,
				225A22D1299778A900786B35 /* HTTPClient.swift in Sources */,
				34277363299495EC00818816 /* SetPrivacySafetyView.swift in Sources */,
				342773572993E1BE00818816 /* SetLicensesView.swift in Sources */,
				70ABF2C7298C07F90058467E /* View+DesignSystem.swift in Sources */,
				34277361299495C000818816 /* SetAccountView.swift in Sources */,
				2205F243299D1B0B00B2643D /* EventViewModel.swift in Sources */,
				70F4BD112977D408005528A1 /* RepositoryDetailView.swift in Sources */,
				7062E135298CE63800CCE946 /* ShadowColorSchemeModifier.swift in Sources */,
				3471460D2992211300ED990C /* GuideReportSection.swift in Sources */,
				22B1F2AA299235520010FD15 /* KnockNotificationCell.swift in Sources */,
				7068B6BD29769517005D6B7B /* MainHomeView.swift in Sources */,
				6E0840152983902800F51169 /* Chat.swift in Sources */,
				6E000CAF29899F6C00446C0D /* ChatModifiers.swift in Sources */,
				347146142992254200ED990C /* BlockGuideView.swift in Sources */,
				704D160F29992FF9009206BD /* String+.swift in Sources */,
				6E70333E29890ADE00FFC018 /* ChatListSection.swift in Sources */,
				6E08402329839BD200F51169 /* Utility.swift in Sources */,
				68E95FC72976D48C002E65AD /* StarredView.swift in Sources */,
				7095CFA4297EB913000F2BF6 /* Color+.swift in Sources */,
				0B87BA52298CCD9E006B80D3 /* GSText.swift in Sources */,
				6E38C6042991EF380043A8BB /* ChatListCell.swift in Sources */,
				347146022990BC5200ED990C /* TopperProfileView.swift in Sources */,
				6E000CB7298A67E800446C0D /* ProfileAsyncImage.swift in Sources */,
				7068B6A829769448005D6B7B /* GitSpaceApp.swift in Sources */,
				70BB6CE0299B105B009948FC /* URL+DeepLink.swift in Sources */,
				225A22D2299778A900786B35 /* Endpoint.swift in Sources */,
				6E0840252983BAD700F51169 /* UserViewModel.swift in Sources */,
				6E8C05C7297781BB002C9F45 /* ChatRoomInfoView.swift in Sources */,
				706BDE422988E2E800284F0F /* KnockHistoryView.swift in Sources */,
				7095265F297F8F4D00F97E27 /* View+.swift in Sources */,
				700A11D8299774A0008C94C7 /* Knock.swift in Sources */,
				342773692994AD3100818816 /* SetNotificationsView.swift in Sources */,
				225A22CF299778A900786B35 /* HTTPRequestMethod.swift in Sources */,
				7065B459297A1F51000B91D2 /* GSButton.swift in Sources */,
				22B1F2A8299235460010FD15 /* SystemNotificationCell.swift in Sources */,
				6E0840272983BB9A00F51169 /* UserInfo.swift in Sources */,
				22C5412D298CD22500CC89EC /* View+cornerRadius.swift in Sources */,
				707E58F629799449007F4ADF /* GSTextField.swift in Sources */,
				2205F245299D2B2B00B2643D /* Date+.swift in Sources */,
				6E0840212983979B00F51169 /* MessageCell.swift in Sources */,
				6E000CB32989A2F700446C0D /* ChatRoomKnockSection.swift in Sources */,
				EE0CC79B2976F2160096A873 /* ContributorListView.swift in Sources */,
				7068B6C22976952B005D6B7B /* MainProfileView.swift in Sources */,
				347146052991F02500ED990C /* GuideCenterView.swift in Sources */,
				6E70333C29890AD000FFC018 /* ChatUserRecommendationSection.swift in Sources */,
				7062E131298CCB1700CCE946 /* LabelModifier.swift in Sources */,
				347146122992253600ED990C /* GuideBlockSection.swift in Sources */,
				6EC383A5298FE49000F209CF /* UIFont+.swift in Sources */,
				34582163298A4A310058CA4C /* KeyboardHandler.swift in Sources */,
				68D76D4C298712EC00C1EA88 /* GitHubAuthManager.swift in Sources */,
				348540F1299D5E7700B738F9 /* BlockListGuideView.swift in Sources */,
				687AE54E298FA1E800113ABF /* RepositoryViewModel.swift in Sources */,
				680C19A1299385A2009AF5D5 /* InitialView.swift in Sources */,
				22C5412B298CCAD200CC89EC /* TabBarBackgroundModifier.swift in Sources */,
				0B93BBD5299C72770006B8A7 /* HomeCardSkeletonCell.swift in Sources */,
				2204BD51299B288F00AA4725 /* ContributorViewModel.swift in Sources */,
				348540F5299D5EF200B738F9 /* WhatToReportGuideView.swift in Sources */,
				7062E12D298CC50A00CCE946 /* DesignSystemStyleEnums.swift in Sources */,
				70BE63E5298CA5190060336F /* Constant.swift in Sources */,
				7062E133298CD6A600CCE946 /* ViewHighlightColorStyle.swift in Sources */,
				686CD902299B4952000FD0B6 /* TagViewModel.swift in Sources */,
				6E38C6062991EF590043A8BB /* ChatListSkeletonCell.swift in Sources */,
				342773552993E19700818816 /* SetAppearanceView.swift in Sources */,
				34BC356929777253000DCBC7 /* MainKnockView.swift in Sources */,
				342773652994A98400818816 /* SetLanguageView.swift in Sources */,
				2205F23D299C9F1400B2643D /* Event.swift in Sources */,
				6E08401B298394DF00F51169 /* MessageViewModel.swift in Sources */,
				34582167298E0ABD0058CA4C /* KnockGuideView.swift in Sources */,
				6E08401F2983966200F51169 /* ChatRoomView.swift in Sources */,
				0B9585932990BD1A00655427 /* BlinkingSkeletonModifier.swift in Sources */,
				70F4BD0F2977D37D005528A1 /* AddTagSheetView.swift in Sources */,
				6E0F9591298CEE2D000FE529 /* GSTextFieldLayoutModifier.swift in Sources */,
				7062E12F298CC82D00CCE946 /* ColorSchemeModifiers.swift in Sources */,
				2204BD4F299B1BD200AA4725 /* ContributorProfile.swift in Sources */,
			);
			runOnlyForDeploymentPostprocessing = 0;
		};
/* End PBXSourcesBuildPhase section */

/* Begin PBXVariantGroup section */
		3427735E2994244A00818816 /* Localizable.strings */ = {
			isa = PBXVariantGroup;
			children = (
				3427735D2994244A00818816 /* en */,
				3427735F2994249500818816 /* ko */,
			);
			name = Localizable.strings;
			sourceTree = "<group>";
		};
/* End PBXVariantGroup section */

/* Begin XCBuildConfiguration section */
		7068B6B029769449005D6B7B /* Debug */ = {
			isa = XCBuildConfiguration;
			baseConfigurationReference = 70724EE8299C9CCF0067FEE7 /* Secrets.xcconfig */;
			buildSettings = {
				ALWAYS_SEARCH_USER_PATHS = NO;
				CLANG_ANALYZER_LOCALIZABILITY_NONLOCALIZED = YES;
				CLANG_ANALYZER_NONNULL = YES;
				CLANG_ANALYZER_NUMBER_OBJECT_CONVERSION = YES_AGGRESSIVE;
				CLANG_CXX_LANGUAGE_STANDARD = "gnu++20";
				CLANG_ENABLE_MODULES = YES;
				CLANG_ENABLE_OBJC_ARC = YES;
				CLANG_ENABLE_OBJC_WEAK = YES;
				CLANG_WARN_BLOCK_CAPTURE_AUTORELEASING = YES;
				CLANG_WARN_BOOL_CONVERSION = YES;
				CLANG_WARN_COMMA = YES;
				CLANG_WARN_CONSTANT_CONVERSION = YES;
				CLANG_WARN_DEPRECATED_OBJC_IMPLEMENTATIONS = YES;
				CLANG_WARN_DIRECT_OBJC_ISA_USAGE = YES_ERROR;
				CLANG_WARN_DOCUMENTATION_COMMENTS = YES;
				CLANG_WARN_EMPTY_BODY = YES;
				CLANG_WARN_ENUM_CONVERSION = YES;
				CLANG_WARN_INFINITE_RECURSION = YES;
				CLANG_WARN_INT_CONVERSION = YES;
				CLANG_WARN_NON_LITERAL_NULL_CONVERSION = YES;
				CLANG_WARN_OBJC_IMPLICIT_RETAIN_SELF = YES;
				CLANG_WARN_OBJC_LITERAL_CONVERSION = YES;
				CLANG_WARN_OBJC_ROOT_CLASS = YES_ERROR;
				CLANG_WARN_QUOTED_INCLUDE_IN_FRAMEWORK_HEADER = YES;
				CLANG_WARN_RANGE_LOOP_ANALYSIS = YES;
				CLANG_WARN_STRICT_PROTOTYPES = YES;
				CLANG_WARN_SUSPICIOUS_MOVE = YES;
				CLANG_WARN_UNGUARDED_AVAILABILITY = YES_AGGRESSIVE;
				CLANG_WARN_UNREACHABLE_CODE = YES;
				CLANG_WARN__DUPLICATE_METHOD_MATCH = YES;
				COPY_PHASE_STRIP = NO;
				DEBUG_INFORMATION_FORMAT = dwarf;
				ENABLE_STRICT_OBJC_MSGSEND = YES;
				ENABLE_TESTABILITY = YES;
				GCC_C_LANGUAGE_STANDARD = gnu11;
				GCC_DYNAMIC_NO_PIC = NO;
				GCC_NO_COMMON_BLOCKS = YES;
				GCC_OPTIMIZATION_LEVEL = 0;
				GCC_PREPROCESSOR_DEFINITIONS = (
					"DEBUG=1",
					"$(inherited)",
				);
				GCC_WARN_64_TO_32_BIT_CONVERSION = YES;
				GCC_WARN_ABOUT_RETURN_TYPE = YES_ERROR;
				GCC_WARN_UNDECLARED_SELECTOR = YES;
				GCC_WARN_UNINITIALIZED_AUTOS = YES_AGGRESSIVE;
				GCC_WARN_UNUSED_FUNCTION = YES;
				GCC_WARN_UNUSED_VARIABLE = YES;
				IPHONEOS_DEPLOYMENT_TARGET = 15.0;
				MTL_ENABLE_DEBUG_INFO = INCLUDE_SOURCE;
				MTL_FAST_MATH = YES;
				ONLY_ACTIVE_ARCH = YES;
				SDKROOT = iphoneos;
				SWIFT_ACTIVE_COMPILATION_CONDITIONS = DEBUG;
				SWIFT_OPTIMIZATION_LEVEL = "-Onone";
			};
			name = Debug;
		};
		7068B6B129769449005D6B7B /* Release */ = {
			isa = XCBuildConfiguration;
			baseConfigurationReference = 70724EE8299C9CCF0067FEE7 /* Secrets.xcconfig */;
			buildSettings = {
				ALWAYS_SEARCH_USER_PATHS = NO;
				CLANG_ANALYZER_LOCALIZABILITY_NONLOCALIZED = YES;
				CLANG_ANALYZER_NONNULL = YES;
				CLANG_ANALYZER_NUMBER_OBJECT_CONVERSION = YES_AGGRESSIVE;
				CLANG_CXX_LANGUAGE_STANDARD = "gnu++20";
				CLANG_ENABLE_MODULES = YES;
				CLANG_ENABLE_OBJC_ARC = YES;
				CLANG_ENABLE_OBJC_WEAK = YES;
				CLANG_WARN_BLOCK_CAPTURE_AUTORELEASING = YES;
				CLANG_WARN_BOOL_CONVERSION = YES;
				CLANG_WARN_COMMA = YES;
				CLANG_WARN_CONSTANT_CONVERSION = YES;
				CLANG_WARN_DEPRECATED_OBJC_IMPLEMENTATIONS = YES;
				CLANG_WARN_DIRECT_OBJC_ISA_USAGE = YES_ERROR;
				CLANG_WARN_DOCUMENTATION_COMMENTS = YES;
				CLANG_WARN_EMPTY_BODY = YES;
				CLANG_WARN_ENUM_CONVERSION = YES;
				CLANG_WARN_INFINITE_RECURSION = YES;
				CLANG_WARN_INT_CONVERSION = YES;
				CLANG_WARN_NON_LITERAL_NULL_CONVERSION = YES;
				CLANG_WARN_OBJC_IMPLICIT_RETAIN_SELF = YES;
				CLANG_WARN_OBJC_LITERAL_CONVERSION = YES;
				CLANG_WARN_OBJC_ROOT_CLASS = YES_ERROR;
				CLANG_WARN_QUOTED_INCLUDE_IN_FRAMEWORK_HEADER = YES;
				CLANG_WARN_RANGE_LOOP_ANALYSIS = YES;
				CLANG_WARN_STRICT_PROTOTYPES = YES;
				CLANG_WARN_SUSPICIOUS_MOVE = YES;
				CLANG_WARN_UNGUARDED_AVAILABILITY = YES_AGGRESSIVE;
				CLANG_WARN_UNREACHABLE_CODE = YES;
				CLANG_WARN__DUPLICATE_METHOD_MATCH = YES;
				COPY_PHASE_STRIP = NO;
				DEBUG_INFORMATION_FORMAT = "dwarf-with-dsym";
				ENABLE_NS_ASSERTIONS = NO;
				ENABLE_STRICT_OBJC_MSGSEND = YES;
				GCC_C_LANGUAGE_STANDARD = gnu11;
				GCC_NO_COMMON_BLOCKS = YES;
				GCC_WARN_64_TO_32_BIT_CONVERSION = YES;
				GCC_WARN_ABOUT_RETURN_TYPE = YES_ERROR;
				GCC_WARN_UNDECLARED_SELECTOR = YES;
				GCC_WARN_UNINITIALIZED_AUTOS = YES_AGGRESSIVE;
				GCC_WARN_UNUSED_FUNCTION = YES;
				GCC_WARN_UNUSED_VARIABLE = YES;
				IPHONEOS_DEPLOYMENT_TARGET = 15.0;
				MTL_ENABLE_DEBUG_INFO = NO;
				MTL_FAST_MATH = YES;
				SDKROOT = iphoneos;
				SWIFT_COMPILATION_MODE = wholemodule;
				SWIFT_OPTIMIZATION_LEVEL = "-O";
				VALIDATE_PRODUCT = YES;
			};
			name = Release;
		};
		7068B6B329769449005D6B7B /* Debug */ = {
			isa = XCBuildConfiguration;
			baseConfigurationReference = 70724EE8299C9CCF0067FEE7 /* Secrets.xcconfig */;
			buildSettings = {
				ASSETCATALOG_COMPILER_APPICON_NAME = AppIcon;
				ASSETCATALOG_COMPILER_GLOBAL_ACCENT_COLOR_NAME = AccentColor;
				CODE_SIGN_ENTITLEMENTS = GitSpace/Resources/GitSpace.entitlements;
				CODE_SIGN_STYLE = Automatic;
				CURRENT_PROJECT_VERSION = 1;
				DEVELOPMENT_ASSET_PATHS = "\"GitSpace/Preview Content\"";
				DEVELOPMENT_TEAM = 6R3M7VGRP2;
				ENABLE_PREVIEWS = YES;
				GENERATE_INFOPLIST_FILE = YES;
				INFOPLIST_FILE = GitSpace/Resources/App/plist/Info.plist;
				INFOPLIST_KEY_LSApplicationCategoryType = "";
				INFOPLIST_KEY_UIApplicationSceneManifest_Generation = YES;
				INFOPLIST_KEY_UIApplicationSupportsIndirectInputEvents = YES;
				INFOPLIST_KEY_UILaunchScreen_Generation = YES;
				INFOPLIST_KEY_UISupportedInterfaceOrientations_iPad = "UIInterfaceOrientationPortrait UIInterfaceOrientationPortraitUpsideDown UIInterfaceOrientationLandscapeLeft UIInterfaceOrientationLandscapeRight";
				INFOPLIST_KEY_UISupportedInterfaceOrientations_iPhone = "UIInterfaceOrientationPortrait UIInterfaceOrientationLandscapeLeft UIInterfaceOrientationLandscapeRight";
				IPHONEOS_DEPLOYMENT_TARGET = 15.0;
				LD_RUNPATH_SEARCH_PATHS = (
					"$(inherited)",
					"@executable_path/Frameworks",
				);
				MARKETING_VERSION = 1.0;
				PRODUCT_BUNDLE_IDENTIFIER = com.GitSpace;
				PRODUCT_NAME = "$(TARGET_NAME)";
				SUPPORTED_PLATFORMS = "iphoneos iphonesimulator";
				SUPPORTS_MACCATALYST = NO;
				SUPPORTS_MAC_DESIGNED_FOR_IPHONE_IPAD = NO;
				SWIFT_EMIT_LOC_STRINGS = YES;
				SWIFT_VERSION = 5.0;
				TARGETED_DEVICE_FAMILY = 1;
			};
			name = Debug;
		};
		7068B6B429769449005D6B7B /* Release */ = {
			isa = XCBuildConfiguration;
			baseConfigurationReference = 70724EE8299C9CCF0067FEE7 /* Secrets.xcconfig */;
			buildSettings = {
				ASSETCATALOG_COMPILER_APPICON_NAME = AppIcon;
				ASSETCATALOG_COMPILER_GLOBAL_ACCENT_COLOR_NAME = AccentColor;
				CODE_SIGN_ENTITLEMENTS = GitSpace/Resources/GitSpace.entitlements;
				CODE_SIGN_STYLE = Automatic;
				CURRENT_PROJECT_VERSION = 1;
				DEVELOPMENT_ASSET_PATHS = "\"GitSpace/Preview Content\"";
				DEVELOPMENT_TEAM = 6R3M7VGRP2;
				ENABLE_PREVIEWS = YES;
				GENERATE_INFOPLIST_FILE = YES;
				INFOPLIST_FILE = GitSpace/Resources/App/plist/Info.plist;
				INFOPLIST_KEY_LSApplicationCategoryType = "";
				INFOPLIST_KEY_UIApplicationSceneManifest_Generation = YES;
				INFOPLIST_KEY_UIApplicationSupportsIndirectInputEvents = YES;
				INFOPLIST_KEY_UILaunchScreen_Generation = YES;
				INFOPLIST_KEY_UISupportedInterfaceOrientations_iPad = "UIInterfaceOrientationPortrait UIInterfaceOrientationPortraitUpsideDown UIInterfaceOrientationLandscapeLeft UIInterfaceOrientationLandscapeRight";
				INFOPLIST_KEY_UISupportedInterfaceOrientations_iPhone = "UIInterfaceOrientationPortrait UIInterfaceOrientationLandscapeLeft UIInterfaceOrientationLandscapeRight";
				IPHONEOS_DEPLOYMENT_TARGET = 15.0;
				LD_RUNPATH_SEARCH_PATHS = (
					"$(inherited)",
					"@executable_path/Frameworks",
				);
				MARKETING_VERSION = 1.0;
				PRODUCT_BUNDLE_IDENTIFIER = com.GitSpace;
				PRODUCT_NAME = "$(TARGET_NAME)";
				SUPPORTED_PLATFORMS = "iphoneos iphonesimulator";
				SUPPORTS_MACCATALYST = NO;
				SUPPORTS_MAC_DESIGNED_FOR_IPHONE_IPAD = NO;
				SWIFT_EMIT_LOC_STRINGS = YES;
				SWIFT_VERSION = 5.0;
				TARGETED_DEVICE_FAMILY = 1;
			};
			name = Release;
		};
/* End XCBuildConfiguration section */

/* Begin XCConfigurationList section */
		7068B69F29769448005D6B7B /* Build configuration list for PBXProject "GitSpace" */ = {
			isa = XCConfigurationList;
			buildConfigurations = (
				7068B6B029769449005D6B7B /* Debug */,
				7068B6B129769449005D6B7B /* Release */,
			);
			defaultConfigurationIsVisible = 0;
			defaultConfigurationName = Release;
		};
		7068B6B229769449005D6B7B /* Build configuration list for PBXNativeTarget "GitSpace" */ = {
			isa = XCConfigurationList;
			buildConfigurations = (
				7068B6B329769449005D6B7B /* Debug */,
				7068B6B429769449005D6B7B /* Release */,
			);
			defaultConfigurationIsVisible = 0;
			defaultConfigurationName = Release;
		};
/* End XCConfigurationList section */

/* Begin XCRemoteSwiftPackageReference section */
		22016E862999FB9B00452428 /* XCRemoteSwiftPackageReference "swift-markdown-ui" */ = {
			isa = XCRemoteSwiftPackageReference;
			repositoryURL = "https://github.com/gonzalezreal/swift-markdown-ui";
			requirement = {
				kind = upToNextMajorVersion;
				minimumVersion = 2.0.0;
			};
		};
		688772D02990BBF900B3A0CD /* XCRemoteSwiftPackageReference "swiftui-flow-layout" */ = {
			isa = XCRemoteSwiftPackageReference;
			repositoryURL = "https://github.com/globulus/swiftui-flow-layout";
			requirement = {
				kind = upToNextMajorVersion;
				minimumVersion = 1.0.0;
			};
		};
		68D76D4D298713B900C1EA88 /* XCRemoteSwiftPackageReference "firebase-ios-sdk" */ = {
			isa = XCRemoteSwiftPackageReference;
			repositoryURL = "https://github.com/firebase/firebase-ios-sdk";
			requirement = {
				kind = upToNextMajorVersion;
				minimumVersion = 9.0.0;
			};
		};
		6E199B05297A161000F88569 /* XCRemoteSwiftPackageReference "firebase-ios-sdk" */ = {
			isa = XCRemoteSwiftPackageReference;
			repositoryURL = "https://github.com/firebase/firebase-ios-sdk";
			requirement = {
				branch = master;
				kind = branch;
			};
		};
/* End XCRemoteSwiftPackageReference section */

/* Begin XCSwiftPackageProductDependency section */
		22016E872999FB9B00452428 /* MarkdownUI */ = {
			isa = XCSwiftPackageProductDependency;
			package = 22016E862999FB9B00452428 /* XCRemoteSwiftPackageReference "swift-markdown-ui" */;
			productName = MarkdownUI;
		};
		688772D12990BBF900B3A0CD /* SwiftUIFlowLayout */ = {
			isa = XCSwiftPackageProductDependency;
			package = 688772D02990BBF900B3A0CD /* XCRemoteSwiftPackageReference "swiftui-flow-layout" */;
			productName = SwiftUIFlowLayout;
		};
		68D76D4E298713B900C1EA88 /* FirebaseAuth */ = {
			isa = XCSwiftPackageProductDependency;
			package = 68D76D4D298713B900C1EA88 /* XCRemoteSwiftPackageReference "firebase-ios-sdk" */;
			productName = FirebaseAuth;
		};
		68D76D50298713B900C1EA88 /* FirebaseAuthCombine-Community */ = {
			isa = XCSwiftPackageProductDependency;
			package = 68D76D4D298713B900C1EA88 /* XCRemoteSwiftPackageReference "firebase-ios-sdk" */;
			productName = "FirebaseAuthCombine-Community";
		};
		68D76D52298713B900C1EA88 /* FirebaseFirestore */ = {
			isa = XCSwiftPackageProductDependency;
			package = 68D76D4D298713B900C1EA88 /* XCRemoteSwiftPackageReference "firebase-ios-sdk" */;
			productName = FirebaseFirestore;
		};
		68D76D54298713B900C1EA88 /* FirebaseFirestoreCombine-Community */ = {
			isa = XCSwiftPackageProductDependency;
			package = 68D76D4D298713B900C1EA88 /* XCRemoteSwiftPackageReference "firebase-ios-sdk" */;
			productName = "FirebaseFirestoreCombine-Community";
		};
		6E199B06297A161000F88569 /* FirebaseAuth */ = {
			isa = XCSwiftPackageProductDependency;
			package = 6E199B05297A161000F88569 /* XCRemoteSwiftPackageReference "firebase-ios-sdk" */;
			productName = FirebaseAuth;
		};
		6E199B08297A161000F88569 /* FirebaseFirestore */ = {
			isa = XCSwiftPackageProductDependency;
			package = 6E199B05297A161000F88569 /* XCRemoteSwiftPackageReference "firebase-ios-sdk" */;
			productName = FirebaseFirestore;
		};
		6E199B0A297A161000F88569 /* FirebaseFirestoreSwift */ = {
			isa = XCSwiftPackageProductDependency;
			package = 6E199B05297A161000F88569 /* XCRemoteSwiftPackageReference "firebase-ios-sdk" */;
			productName = FirebaseFirestoreSwift;
		};
		70D0737A297D69CE0049A359 /* FirebaseMessaging */ = {
			isa = XCSwiftPackageProductDependency;
			package = 6E199B05297A161000F88569 /* XCRemoteSwiftPackageReference "firebase-ios-sdk" */;
			productName = FirebaseMessaging;
		};
/* End XCSwiftPackageProductDependency section */
	};
	rootObject = 7068B69C29769448005D6B7B /* Project object */;
}
